
Microsoft Visual Studio Solution File, Format Version 12.00
# Visual Studio 15
VisualStudioVersion = 15.0.27004.2010
MinimumVisualStudioVersion = 10.0.40219.1
Project("{2150E333-8FDC-42A3-9474-1A3956D46DE8}") = "Fake", "Fake", "{A4686CE3-29EA-4BB0-BA45-9882BC3F675C}"
EndProject
Project("{2150E333-8FDC-42A3-9474-1A3956D46DE8}") = "Testing", "Testing", "{70BEEE77-3E24-446C-97EC-27D6C5DA90C2}"
EndProject
Project("{2150E333-8FDC-42A3-9474-1A3956D46DE8}") = "Registration", "Registration", "{C7F8D1B5-1F5B-43ED-9F8E-24A80B502C63}"
EndProject
Project("{2150E333-8FDC-42A3-9474-1A3956D46DE8}") = "Builders", "Builders", "{AEC65BC1-D66D-4C5E-8E93-3A35C77FA3EB}"
EndProject
Project("{2150E333-8FDC-42A3-9474-1A3956D46DE8}") = "Setup", "Setup", "{73AF5532-128E-4658-A222-55E7D6CCB693}"
EndProject
Project("{FAE04EC0-301F-11D3-BF4B-00C04F79EFBC}") = "Attest.Testing.SpecFlow", "Attest.Testing.SpecFlow\Attest.Testing.SpecFlow.csproj", "{A1CE31BC-5326-41FD-96D8-6481A011301B}"
EndProject
Project("{2150E333-8FDC-42A3-9474-1A3956D46DE8}") = "LightMock", "LightMock", "{70132CC2-D91B-4BE7-95F0-F0B2FE832BC8}"
EndProject
Project("{FAE04EC0-301F-11D3-BF4B-00C04F79EFBC}") = "Attest.Fake.FakeItEasy.Tests", "Attest.Fake.FakeItEasy.Tests\Attest.Fake.FakeItEasy.Tests.csproj", "{B1B4C2A6-D5AC-47ED-B0B8-9EBB3CC859EC}"
EndProject
Project("{FAE04EC0-301F-11D3-BF4B-00C04F79EFBC}") = "Attest.Fake.Setup.Tests", "Attest.Fake.Setup.Tests\Attest.Fake.Setup.Tests.csproj", "{B08E1C97-2C5B-49F6-B1A2-1067F8C87997}"
EndProject
Project("{2150E333-8FDC-42A3-9474-1A3956D46DE8}") = "Core", "Core", "{8F1E1F7C-84C7-4AF1-AF6E-4203C1A56747}"
EndProject
Project("{2150E333-8FDC-42A3-9474-1A3956D46DE8}") = "FakeItEasy", "FakeItEasy", "{1F529042-94A6-4F5A-BEAE-BBEFDC62B3AB}"
EndProject
Project("{2150E333-8FDC-42A3-9474-1A3956D46DE8}") = "Moq", "Moq", "{EDB89ECD-9F33-4E30-9AD0-EE7028833026}"
EndProject
Project("{9A19103F-16F7-4668-BE54-9A1E7A4F7556}") = "Attest.Fake.LightMock.NETStandard20", "Attest.Fake.LightMock\netstandard2.0\Attest.Fake.LightMock.NETStandard20.csproj", "{0FAFF374-DE27-4DED-BF1B-9E6D5CEE260C}"
EndProject
Project("{9A19103F-16F7-4668-BE54-9A1E7A4F7556}") = "Attest.Fake.Moq.NETStandard20", "Attest.Fake.Moq\netstandard2.0\Attest.Fake.Moq.NETStandard20.csproj", "{45AA67AE-3FB2-431C-B5C7-C3742FD54FAF}"
EndProject
Project("{9A19103F-16F7-4668-BE54-9A1E7A4F7556}") = "Attest.Fake.Registration.NETStandard20", "Attest.Fake.Registration\netstandard2.0\Attest.Fake.Registration.NETStandard20.csproj", "{7F2F561F-2461-47E0-85A9-7D1502FDB686}"
EndProject
Project("{9A19103F-16F7-4668-BE54-9A1E7A4F7556}") = "Attest.Fake.Registration.Extensions.NETStandard20", "Attest.Fake.Registration.Extensions\netstandard2.0\Attest.Fake.Registration.Extensions.NETStandard20.csproj", "{E6AFAB52-F462-4849-93BE-E348DD8F7A89}"
EndProject
Project("{9A19103F-16F7-4668-BE54-9A1E7A4F7556}") = "Attest.Fake.Setup.Contracts.NETStandard20", "Attest.Fake.Setup.Contracts\netstandard2.0\Attest.Fake.Setup.Contracts.NETStandard20.csproj", "{54216B1D-FE05-40BD-BE33-817D183BE109}"
EndProject
Project("{9A19103F-16F7-4668-BE54-9A1E7A4F7556}") = "Attest.Fake.Setup.NETStandard20", "Attest.Fake.Setup\netstandard2.0\Attest.Fake.Setup.NETStandard20.csproj", "{4F2ED1C2-3525-403D-9134-F7868BEAD15E}"
EndProject
Project("{9A19103F-16F7-4668-BE54-9A1E7A4F7556}") = "Attest.Testing.Core.NETStandard20", "Attest.Testing.Core\netstandard2.0\Attest.Testing.Core.NETStandard20.csproj", "{CF70ABE4-FC39-487E-A6FD-D2502B92158E}"
EndProject
Project("{9A19103F-16F7-4668-BE54-9A1E7A4F7556}") = "Attest.Testing.NUnit.NETStandard20", "Attest.Testing.NUnit\netstandard2.0\Attest.Testing.NUnit.NETStandard20.csproj", "{0DACA6D8-9538-4B01-BF95-7722F9BE604E}"
EndProject
Project("{9A19103F-16F7-4668-BE54-9A1E7A4F7556}") = "Attest.Testing.xUnit.NETStandard20", "Attest.Testing.xUnit\netstandard2.0\Attest.Testing.xUnit.NETStandard20.csproj", "{B399AF7C-B594-4F3D-B678-A07337CEF9FC}"
EndProject
Project("{FAE04EC0-301F-11D3-BF4B-00C04F79EFBC}") = "Attest.Testing.Core.Tests", "Attest.Testing.Core.Tests\Attest.Testing.Core.Tests.csproj", "{20BD88D0-7DEA-482F-9E9A-BC195BF8AFA1}"
EndProject
Project("{9A19103F-16F7-4668-BE54-9A1E7A4F7556}") = "Attest.Testing.Contracts.NETStandard20", "Attest.Testing.Contracts\netstandard2.0\Attest.Testing.Contracts.NETStandard20.csproj", "{D1E971D9-B18E-44B8-85A6-80C505457C1E}"
EndProject
Project("{9A19103F-16F7-4668-BE54-9A1E7A4F7556}") = "LightMock.Tests.NETStandard20", "LightMock.Tests\LightMock.Tests.NETStandard20\LightMock.Tests.NETStandard20.csproj", "{3C3FE3E1-1966-4426-9180-D0E364EE2269}"
EndProject
Project("{FAE04EC0-301F-11D3-BF4B-00C04F79EFBC}") = "Attest.Fake.Moq.Tests", "Attest.Fake.Moq.Tests\Attest.Fake.Moq.Tests.csproj", "{B3539CAD-E68B-434B-9315-153EBA1022F6}"
EndProject
Project("{9A19103F-16F7-4668-BE54-9A1E7A4F7556}") = "Attest.Fake.Builders", "Attest.Fake.Builders\Attest.Fake.Builders.csproj", "{2C31F4FE-A7F6-4E0D-9C22-3A7E493A5556}"
EndProject
Project("{9A19103F-16F7-4668-BE54-9A1E7A4F7556}") = "Attest.Fake.Core", "Attest.Fake.Core\Attest.Fake.Core.csproj", "{59D119F0-1B71-4BEE-B5A2-9064215F0D3F}"
EndProject
Project("{9A19103F-16F7-4668-BE54-9A1E7A4F7556}") = "Attest.Fake.FakeItEasy", "Attest.Fake.FakeItEasy\Attest.Fake.FakeItEasy.csproj", "{C0350FF8-5680-41EC-8FD4-5BABC6FC34BD}"
EndProject
Project("{9A19103F-16F7-4668-BE54-9A1E7A4F7556}") = "LightMock", "LightMock\LightMock.csproj", "{BE62E698-7646-41C3-A036-67F3A9CB4124}"
EndProject
Global
	GlobalSection(SolutionConfigurationPlatforms) = preSolution
		Debug|Any CPU = Debug|Any CPU
		Debug|ARM = Debug|ARM
		Debug|x64 = Debug|x64
		Debug|x86 = Debug|x86
		Release|Any CPU = Release|Any CPU
		Release|ARM = Release|ARM
		Release|x64 = Release|x64
		Release|x86 = Release|x86
	EndGlobalSection
	GlobalSection(ProjectConfigurationPlatforms) = postSolution
		{A1CE31BC-5326-41FD-96D8-6481A011301B}.Debug|Any CPU.ActiveCfg = Debug|Any CPU
		{A1CE31BC-5326-41FD-96D8-6481A011301B}.Debug|Any CPU.Build.0 = Debug|Any CPU
		{A1CE31BC-5326-41FD-96D8-6481A011301B}.Debug|ARM.ActiveCfg = Debug|Any CPU
		{A1CE31BC-5326-41FD-96D8-6481A011301B}.Debug|ARM.Build.0 = Debug|Any CPU
		{A1CE31BC-5326-41FD-96D8-6481A011301B}.Debug|x64.ActiveCfg = Debug|Any CPU
		{A1CE31BC-5326-41FD-96D8-6481A011301B}.Debug|x64.Build.0 = Debug|Any CPU
		{A1CE31BC-5326-41FD-96D8-6481A011301B}.Debug|x86.ActiveCfg = Debug|Any CPU
		{A1CE31BC-5326-41FD-96D8-6481A011301B}.Debug|x86.Build.0 = Debug|Any CPU
		{A1CE31BC-5326-41FD-96D8-6481A011301B}.Release|Any CPU.ActiveCfg = Release|Any CPU
		{A1CE31BC-5326-41FD-96D8-6481A011301B}.Release|Any CPU.Build.0 = Release|Any CPU
		{A1CE31BC-5326-41FD-96D8-6481A011301B}.Release|ARM.ActiveCfg = Release|Any CPU
		{A1CE31BC-5326-41FD-96D8-6481A011301B}.Release|ARM.Build.0 = Release|Any CPU
		{A1CE31BC-5326-41FD-96D8-6481A011301B}.Release|x64.ActiveCfg = Release|Any CPU
		{A1CE31BC-5326-41FD-96D8-6481A011301B}.Release|x64.Build.0 = Release|Any CPU
		{A1CE31BC-5326-41FD-96D8-6481A011301B}.Release|x86.ActiveCfg = Release|Any CPU
		{A1CE31BC-5326-41FD-96D8-6481A011301B}.Release|x86.Build.0 = Release|Any CPU
		{B1B4C2A6-D5AC-47ED-B0B8-9EBB3CC859EC}.Debug|Any CPU.ActiveCfg = Debug|Any CPU
		{B1B4C2A6-D5AC-47ED-B0B8-9EBB3CC859EC}.Debug|Any CPU.Build.0 = Debug|Any CPU
		{B1B4C2A6-D5AC-47ED-B0B8-9EBB3CC859EC}.Debug|ARM.ActiveCfg = Debug|Any CPU
		{B1B4C2A6-D5AC-47ED-B0B8-9EBB3CC859EC}.Debug|ARM.Build.0 = Debug|Any CPU
		{B1B4C2A6-D5AC-47ED-B0B8-9EBB3CC859EC}.Debug|x64.ActiveCfg = Debug|Any CPU
		{B1B4C2A6-D5AC-47ED-B0B8-9EBB3CC859EC}.Debug|x64.Build.0 = Debug|Any CPU
		{B1B4C2A6-D5AC-47ED-B0B8-9EBB3CC859EC}.Debug|x86.ActiveCfg = Debug|Any CPU
		{B1B4C2A6-D5AC-47ED-B0B8-9EBB3CC859EC}.Debug|x86.Build.0 = Debug|Any CPU
		{B1B4C2A6-D5AC-47ED-B0B8-9EBB3CC859EC}.Release|Any CPU.ActiveCfg = Release|Any CPU
		{B1B4C2A6-D5AC-47ED-B0B8-9EBB3CC859EC}.Release|Any CPU.Build.0 = Release|Any CPU
		{B1B4C2A6-D5AC-47ED-B0B8-9EBB3CC859EC}.Release|ARM.ActiveCfg = Release|Any CPU
		{B1B4C2A6-D5AC-47ED-B0B8-9EBB3CC859EC}.Release|ARM.Build.0 = Release|Any CPU
		{B1B4C2A6-D5AC-47ED-B0B8-9EBB3CC859EC}.Release|x64.ActiveCfg = Release|Any CPU
		{B1B4C2A6-D5AC-47ED-B0B8-9EBB3CC859EC}.Release|x64.Build.0 = Release|Any CPU
		{B1B4C2A6-D5AC-47ED-B0B8-9EBB3CC859EC}.Release|x86.ActiveCfg = Release|Any CPU
		{B1B4C2A6-D5AC-47ED-B0B8-9EBB3CC859EC}.Release|x86.Build.0 = Release|Any CPU
		{B08E1C97-2C5B-49F6-B1A2-1067F8C87997}.Debug|Any CPU.ActiveCfg = Debug|Any CPU
		{B08E1C97-2C5B-49F6-B1A2-1067F8C87997}.Debug|Any CPU.Build.0 = Debug|Any CPU
		{B08E1C97-2C5B-49F6-B1A2-1067F8C87997}.Debug|ARM.ActiveCfg = Debug|Any CPU
		{B08E1C97-2C5B-49F6-B1A2-1067F8C87997}.Debug|ARM.Build.0 = Debug|Any CPU
		{B08E1C97-2C5B-49F6-B1A2-1067F8C87997}.Debug|x64.ActiveCfg = Debug|Any CPU
		{B08E1C97-2C5B-49F6-B1A2-1067F8C87997}.Debug|x64.Build.0 = Debug|Any CPU
		{B08E1C97-2C5B-49F6-B1A2-1067F8C87997}.Debug|x86.ActiveCfg = Debug|Any CPU
		{B08E1C97-2C5B-49F6-B1A2-1067F8C87997}.Debug|x86.Build.0 = Debug|Any CPU
		{B08E1C97-2C5B-49F6-B1A2-1067F8C87997}.Release|Any CPU.ActiveCfg = Release|Any CPU
		{B08E1C97-2C5B-49F6-B1A2-1067F8C87997}.Release|Any CPU.Build.0 = Release|Any CPU
		{B08E1C97-2C5B-49F6-B1A2-1067F8C87997}.Release|ARM.ActiveCfg = Release|Any CPU
		{B08E1C97-2C5B-49F6-B1A2-1067F8C87997}.Release|ARM.Build.0 = Release|Any CPU
		{B08E1C97-2C5B-49F6-B1A2-1067F8C87997}.Release|x64.ActiveCfg = Release|Any CPU
		{B08E1C97-2C5B-49F6-B1A2-1067F8C87997}.Release|x64.Build.0 = Release|Any CPU
		{B08E1C97-2C5B-49F6-B1A2-1067F8C87997}.Release|x86.ActiveCfg = Release|Any CPU
		{B08E1C97-2C5B-49F6-B1A2-1067F8C87997}.Release|x86.Build.0 = Release|Any CPU
		{0FAFF374-DE27-4DED-BF1B-9E6D5CEE260C}.Debug|Any CPU.ActiveCfg = Debug|Any CPU
		{0FAFF374-DE27-4DED-BF1B-9E6D5CEE260C}.Debug|Any CPU.Build.0 = Debug|Any CPU
		{0FAFF374-DE27-4DED-BF1B-9E6D5CEE260C}.Debug|ARM.ActiveCfg = Debug|Any CPU
		{0FAFF374-DE27-4DED-BF1B-9E6D5CEE260C}.Debug|ARM.Build.0 = Debug|Any CPU
		{0FAFF374-DE27-4DED-BF1B-9E6D5CEE260C}.Debug|x64.ActiveCfg = Debug|Any CPU
		{0FAFF374-DE27-4DED-BF1B-9E6D5CEE260C}.Debug|x64.Build.0 = Debug|Any CPU
		{0FAFF374-DE27-4DED-BF1B-9E6D5CEE260C}.Debug|x86.ActiveCfg = Debug|Any CPU
		{0FAFF374-DE27-4DED-BF1B-9E6D5CEE260C}.Debug|x86.Build.0 = Debug|Any CPU
		{0FAFF374-DE27-4DED-BF1B-9E6D5CEE260C}.Release|Any CPU.ActiveCfg = Release|Any CPU
		{0FAFF374-DE27-4DED-BF1B-9E6D5CEE260C}.Release|Any CPU.Build.0 = Release|Any CPU
		{0FAFF374-DE27-4DED-BF1B-9E6D5CEE260C}.Release|ARM.ActiveCfg = Release|Any CPU
		{0FAFF374-DE27-4DED-BF1B-9E6D5CEE260C}.Release|ARM.Build.0 = Release|Any CPU
		{0FAFF374-DE27-4DED-BF1B-9E6D5CEE260C}.Release|x64.ActiveCfg = Release|Any CPU
		{0FAFF374-DE27-4DED-BF1B-9E6D5CEE260C}.Release|x64.Build.0 = Release|Any CPU
		{0FAFF374-DE27-4DED-BF1B-9E6D5CEE260C}.Release|x86.ActiveCfg = Release|Any CPU
		{0FAFF374-DE27-4DED-BF1B-9E6D5CEE260C}.Release|x86.Build.0 = Release|Any CPU
		{45AA67AE-3FB2-431C-B5C7-C3742FD54FAF}.Debug|Any CPU.ActiveCfg = Debug|Any CPU
		{45AA67AE-3FB2-431C-B5C7-C3742FD54FAF}.Debug|Any CPU.Build.0 = Debug|Any CPU
		{45AA67AE-3FB2-431C-B5C7-C3742FD54FAF}.Debug|ARM.ActiveCfg = Debug|Any CPU
		{45AA67AE-3FB2-431C-B5C7-C3742FD54FAF}.Debug|ARM.Build.0 = Debug|Any CPU
		{45AA67AE-3FB2-431C-B5C7-C3742FD54FAF}.Debug|x64.ActiveCfg = Debug|Any CPU
		{45AA67AE-3FB2-431C-B5C7-C3742FD54FAF}.Debug|x64.Build.0 = Debug|Any CPU
		{45AA67AE-3FB2-431C-B5C7-C3742FD54FAF}.Debug|x86.ActiveCfg = Debug|Any CPU
		{45AA67AE-3FB2-431C-B5C7-C3742FD54FAF}.Debug|x86.Build.0 = Debug|Any CPU
		{45AA67AE-3FB2-431C-B5C7-C3742FD54FAF}.Release|Any CPU.ActiveCfg = Release|Any CPU
		{45AA67AE-3FB2-431C-B5C7-C3742FD54FAF}.Release|Any CPU.Build.0 = Release|Any CPU
		{45AA67AE-3FB2-431C-B5C7-C3742FD54FAF}.Release|ARM.ActiveCfg = Release|Any CPU
		{45AA67AE-3FB2-431C-B5C7-C3742FD54FAF}.Release|ARM.Build.0 = Release|Any CPU
		{45AA67AE-3FB2-431C-B5C7-C3742FD54FAF}.Release|x64.ActiveCfg = Release|Any CPU
		{45AA67AE-3FB2-431C-B5C7-C3742FD54FAF}.Release|x64.Build.0 = Release|Any CPU
		{45AA67AE-3FB2-431C-B5C7-C3742FD54FAF}.Release|x86.ActiveCfg = Release|Any CPU
		{45AA67AE-3FB2-431C-B5C7-C3742FD54FAF}.Release|x86.Build.0 = Release|Any CPU
		{7F2F561F-2461-47E0-85A9-7D1502FDB686}.Debug|Any CPU.ActiveCfg = Debug|Any CPU
		{7F2F561F-2461-47E0-85A9-7D1502FDB686}.Debug|Any CPU.Build.0 = Debug|Any CPU
		{7F2F561F-2461-47E0-85A9-7D1502FDB686}.Debug|ARM.ActiveCfg = Debug|Any CPU
		{7F2F561F-2461-47E0-85A9-7D1502FDB686}.Debug|ARM.Build.0 = Debug|Any CPU
		{7F2F561F-2461-47E0-85A9-7D1502FDB686}.Debug|x64.ActiveCfg = Debug|Any CPU
		{7F2F561F-2461-47E0-85A9-7D1502FDB686}.Debug|x64.Build.0 = Debug|Any CPU
		{7F2F561F-2461-47E0-85A9-7D1502FDB686}.Debug|x86.ActiveCfg = Debug|Any CPU
		{7F2F561F-2461-47E0-85A9-7D1502FDB686}.Debug|x86.Build.0 = Debug|Any CPU
		{7F2F561F-2461-47E0-85A9-7D1502FDB686}.Release|Any CPU.ActiveCfg = Release|Any CPU
		{7F2F561F-2461-47E0-85A9-7D1502FDB686}.Release|Any CPU.Build.0 = Release|Any CPU
		{7F2F561F-2461-47E0-85A9-7D1502FDB686}.Release|ARM.ActiveCfg = Release|Any CPU
		{7F2F561F-2461-47E0-85A9-7D1502FDB686}.Release|ARM.Build.0 = Release|Any CPU
		{7F2F561F-2461-47E0-85A9-7D1502FDB686}.Release|x64.ActiveCfg = Release|Any CPU
		{7F2F561F-2461-47E0-85A9-7D1502FDB686}.Release|x64.Build.0 = Release|Any CPU
		{7F2F561F-2461-47E0-85A9-7D1502FDB686}.Release|x86.ActiveCfg = Release|Any CPU
		{7F2F561F-2461-47E0-85A9-7D1502FDB686}.Release|x86.Build.0 = Release|Any CPU
		{E6AFAB52-F462-4849-93BE-E348DD8F7A89}.Debug|Any CPU.ActiveCfg = Debug|Any CPU
		{E6AFAB52-F462-4849-93BE-E348DD8F7A89}.Debug|Any CPU.Build.0 = Debug|Any CPU
		{E6AFAB52-F462-4849-93BE-E348DD8F7A89}.Debug|ARM.ActiveCfg = Debug|Any CPU
		{E6AFAB52-F462-4849-93BE-E348DD8F7A89}.Debug|ARM.Build.0 = Debug|Any CPU
		{E6AFAB52-F462-4849-93BE-E348DD8F7A89}.Debug|x64.ActiveCfg = Debug|Any CPU
		{E6AFAB52-F462-4849-93BE-E348DD8F7A89}.Debug|x64.Build.0 = Debug|Any CPU
		{E6AFAB52-F462-4849-93BE-E348DD8F7A89}.Debug|x86.ActiveCfg = Debug|Any CPU
		{E6AFAB52-F462-4849-93BE-E348DD8F7A89}.Debug|x86.Build.0 = Debug|Any CPU
		{E6AFAB52-F462-4849-93BE-E348DD8F7A89}.Release|Any CPU.ActiveCfg = Release|Any CPU
		{E6AFAB52-F462-4849-93BE-E348DD8F7A89}.Release|Any CPU.Build.0 = Release|Any CPU
		{E6AFAB52-F462-4849-93BE-E348DD8F7A89}.Release|ARM.ActiveCfg = Release|Any CPU
		{E6AFAB52-F462-4849-93BE-E348DD8F7A89}.Release|ARM.Build.0 = Release|Any CPU
		{E6AFAB52-F462-4849-93BE-E348DD8F7A89}.Release|x64.ActiveCfg = Release|Any CPU
		{E6AFAB52-F462-4849-93BE-E348DD8F7A89}.Release|x64.Build.0 = Release|Any CPU
		{E6AFAB52-F462-4849-93BE-E348DD8F7A89}.Release|x86.ActiveCfg = Release|Any CPU
		{E6AFAB52-F462-4849-93BE-E348DD8F7A89}.Release|x86.Build.0 = Release|Any CPU
		{54216B1D-FE05-40BD-BE33-817D183BE109}.Debug|Any CPU.ActiveCfg = Debug|Any CPU
		{54216B1D-FE05-40BD-BE33-817D183BE109}.Debug|Any CPU.Build.0 = Debug|Any CPU
		{54216B1D-FE05-40BD-BE33-817D183BE109}.Debug|ARM.ActiveCfg = Debug|Any CPU
		{54216B1D-FE05-40BD-BE33-817D183BE109}.Debug|ARM.Build.0 = Debug|Any CPU
		{54216B1D-FE05-40BD-BE33-817D183BE109}.Debug|x64.ActiveCfg = Debug|Any CPU
		{54216B1D-FE05-40BD-BE33-817D183BE109}.Debug|x64.Build.0 = Debug|Any CPU
		{54216B1D-FE05-40BD-BE33-817D183BE109}.Debug|x86.ActiveCfg = Debug|Any CPU
		{54216B1D-FE05-40BD-BE33-817D183BE109}.Debug|x86.Build.0 = Debug|Any CPU
		{54216B1D-FE05-40BD-BE33-817D183BE109}.Release|Any CPU.ActiveCfg = Release|Any CPU
		{54216B1D-FE05-40BD-BE33-817D183BE109}.Release|Any CPU.Build.0 = Release|Any CPU
		{54216B1D-FE05-40BD-BE33-817D183BE109}.Release|ARM.ActiveCfg = Release|Any CPU
		{54216B1D-FE05-40BD-BE33-817D183BE109}.Release|ARM.Build.0 = Release|Any CPU
		{54216B1D-FE05-40BD-BE33-817D183BE109}.Release|x64.ActiveCfg = Release|Any CPU
		{54216B1D-FE05-40BD-BE33-817D183BE109}.Release|x64.Build.0 = Release|Any CPU
		{54216B1D-FE05-40BD-BE33-817D183BE109}.Release|x86.ActiveCfg = Release|Any CPU
		{54216B1D-FE05-40BD-BE33-817D183BE109}.Release|x86.Build.0 = Release|Any CPU
		{4F2ED1C2-3525-403D-9134-F7868BEAD15E}.Debug|Any CPU.ActiveCfg = Debug|Any CPU
		{4F2ED1C2-3525-403D-9134-F7868BEAD15E}.Debug|Any CPU.Build.0 = Debug|Any CPU
		{4F2ED1C2-3525-403D-9134-F7868BEAD15E}.Debug|ARM.ActiveCfg = Debug|Any CPU
		{4F2ED1C2-3525-403D-9134-F7868BEAD15E}.Debug|ARM.Build.0 = Debug|Any CPU
		{4F2ED1C2-3525-403D-9134-F7868BEAD15E}.Debug|x64.ActiveCfg = Debug|Any CPU
		{4F2ED1C2-3525-403D-9134-F7868BEAD15E}.Debug|x64.Build.0 = Debug|Any CPU
		{4F2ED1C2-3525-403D-9134-F7868BEAD15E}.Debug|x86.ActiveCfg = Debug|Any CPU
		{4F2ED1C2-3525-403D-9134-F7868BEAD15E}.Debug|x86.Build.0 = Debug|Any CPU
		{4F2ED1C2-3525-403D-9134-F7868BEAD15E}.Release|Any CPU.ActiveCfg = Release|Any CPU
		{4F2ED1C2-3525-403D-9134-F7868BEAD15E}.Release|Any CPU.Build.0 = Release|Any CPU
		{4F2ED1C2-3525-403D-9134-F7868BEAD15E}.Release|ARM.ActiveCfg = Release|Any CPU
		{4F2ED1C2-3525-403D-9134-F7868BEAD15E}.Release|ARM.Build.0 = Release|Any CPU
		{4F2ED1C2-3525-403D-9134-F7868BEAD15E}.Release|x64.ActiveCfg = Release|Any CPU
		{4F2ED1C2-3525-403D-9134-F7868BEAD15E}.Release|x64.Build.0 = Release|Any CPU
		{4F2ED1C2-3525-403D-9134-F7868BEAD15E}.Release|x86.ActiveCfg = Release|Any CPU
		{4F2ED1C2-3525-403D-9134-F7868BEAD15E}.Release|x86.Build.0 = Release|Any CPU
		{CF70ABE4-FC39-487E-A6FD-D2502B92158E}.Debug|Any CPU.ActiveCfg = Debug|Any CPU
		{CF70ABE4-FC39-487E-A6FD-D2502B92158E}.Debug|Any CPU.Build.0 = Debug|Any CPU
		{CF70ABE4-FC39-487E-A6FD-D2502B92158E}.Debug|ARM.ActiveCfg = Debug|Any CPU
		{CF70ABE4-FC39-487E-A6FD-D2502B92158E}.Debug|ARM.Build.0 = Debug|Any CPU
		{CF70ABE4-FC39-487E-A6FD-D2502B92158E}.Debug|x64.ActiveCfg = Debug|Any CPU
		{CF70ABE4-FC39-487E-A6FD-D2502B92158E}.Debug|x64.Build.0 = Debug|Any CPU
		{CF70ABE4-FC39-487E-A6FD-D2502B92158E}.Debug|x86.ActiveCfg = Debug|Any CPU
		{CF70ABE4-FC39-487E-A6FD-D2502B92158E}.Debug|x86.Build.0 = Debug|Any CPU
		{CF70ABE4-FC39-487E-A6FD-D2502B92158E}.Release|Any CPU.ActiveCfg = Release|Any CPU
		{CF70ABE4-FC39-487E-A6FD-D2502B92158E}.Release|Any CPU.Build.0 = Release|Any CPU
		{CF70ABE4-FC39-487E-A6FD-D2502B92158E}.Release|ARM.ActiveCfg = Release|Any CPU
		{CF70ABE4-FC39-487E-A6FD-D2502B92158E}.Release|ARM.Build.0 = Release|Any CPU
		{CF70ABE4-FC39-487E-A6FD-D2502B92158E}.Release|x64.ActiveCfg = Release|Any CPU
		{CF70ABE4-FC39-487E-A6FD-D2502B92158E}.Release|x64.Build.0 = Release|Any CPU
		{CF70ABE4-FC39-487E-A6FD-D2502B92158E}.Release|x86.ActiveCfg = Release|Any CPU
		{CF70ABE4-FC39-487E-A6FD-D2502B92158E}.Release|x86.Build.0 = Release|Any CPU
		{0DACA6D8-9538-4B01-BF95-7722F9BE604E}.Debug|Any CPU.ActiveCfg = Debug|Any CPU
		{0DACA6D8-9538-4B01-BF95-7722F9BE604E}.Debug|Any CPU.Build.0 = Debug|Any CPU
		{0DACA6D8-9538-4B01-BF95-7722F9BE604E}.Debug|ARM.ActiveCfg = Debug|Any CPU
		{0DACA6D8-9538-4B01-BF95-7722F9BE604E}.Debug|ARM.Build.0 = Debug|Any CPU
		{0DACA6D8-9538-4B01-BF95-7722F9BE604E}.Debug|x64.ActiveCfg = Debug|Any CPU
		{0DACA6D8-9538-4B01-BF95-7722F9BE604E}.Debug|x64.Build.0 = Debug|Any CPU
		{0DACA6D8-9538-4B01-BF95-7722F9BE604E}.Debug|x86.ActiveCfg = Debug|Any CPU
		{0DACA6D8-9538-4B01-BF95-7722F9BE604E}.Debug|x86.Build.0 = Debug|Any CPU
		{0DACA6D8-9538-4B01-BF95-7722F9BE604E}.Release|Any CPU.ActiveCfg = Release|Any CPU
		{0DACA6D8-9538-4B01-BF95-7722F9BE604E}.Release|Any CPU.Build.0 = Release|Any CPU
		{0DACA6D8-9538-4B01-BF95-7722F9BE604E}.Release|ARM.ActiveCfg = Release|Any CPU
		{0DACA6D8-9538-4B01-BF95-7722F9BE604E}.Release|ARM.Build.0 = Release|Any CPU
		{0DACA6D8-9538-4B01-BF95-7722F9BE604E}.Release|x64.ActiveCfg = Release|Any CPU
		{0DACA6D8-9538-4B01-BF95-7722F9BE604E}.Release|x64.Build.0 = Release|Any CPU
		{0DACA6D8-9538-4B01-BF95-7722F9BE604E}.Release|x86.ActiveCfg = Release|Any CPU
		{0DACA6D8-9538-4B01-BF95-7722F9BE604E}.Release|x86.Build.0 = Release|Any CPU
		{B399AF7C-B594-4F3D-B678-A07337CEF9FC}.Debug|Any CPU.ActiveCfg = Debug|Any CPU
		{B399AF7C-B594-4F3D-B678-A07337CEF9FC}.Debug|Any CPU.Build.0 = Debug|Any CPU
		{B399AF7C-B594-4F3D-B678-A07337CEF9FC}.Debug|ARM.ActiveCfg = Debug|Any CPU
		{B399AF7C-B594-4F3D-B678-A07337CEF9FC}.Debug|ARM.Build.0 = Debug|Any CPU
		{B399AF7C-B594-4F3D-B678-A07337CEF9FC}.Debug|x64.ActiveCfg = Debug|Any CPU
		{B399AF7C-B594-4F3D-B678-A07337CEF9FC}.Debug|x64.Build.0 = Debug|Any CPU
		{B399AF7C-B594-4F3D-B678-A07337CEF9FC}.Debug|x86.ActiveCfg = Debug|Any CPU
		{B399AF7C-B594-4F3D-B678-A07337CEF9FC}.Debug|x86.Build.0 = Debug|Any CPU
		{B399AF7C-B594-4F3D-B678-A07337CEF9FC}.Release|Any CPU.ActiveCfg = Release|Any CPU
		{B399AF7C-B594-4F3D-B678-A07337CEF9FC}.Release|Any CPU.Build.0 = Release|Any CPU
		{B399AF7C-B594-4F3D-B678-A07337CEF9FC}.Release|ARM.ActiveCfg = Release|Any CPU
		{B399AF7C-B594-4F3D-B678-A07337CEF9FC}.Release|ARM.Build.0 = Release|Any CPU
		{B399AF7C-B594-4F3D-B678-A07337CEF9FC}.Release|x64.ActiveCfg = Release|Any CPU
		{B399AF7C-B594-4F3D-B678-A07337CEF9FC}.Release|x64.Build.0 = Release|Any CPU
		{B399AF7C-B594-4F3D-B678-A07337CEF9FC}.Release|x86.ActiveCfg = Release|Any CPU
		{B399AF7C-B594-4F3D-B678-A07337CEF9FC}.Release|x86.Build.0 = Release|Any CPU
		{20BD88D0-7DEA-482F-9E9A-BC195BF8AFA1}.Debug|Any CPU.ActiveCfg = Debug|Any CPU
		{20BD88D0-7DEA-482F-9E9A-BC195BF8AFA1}.Debug|Any CPU.Build.0 = Debug|Any CPU
		{20BD88D0-7DEA-482F-9E9A-BC195BF8AFA1}.Debug|ARM.ActiveCfg = Debug|Any CPU
		{20BD88D0-7DEA-482F-9E9A-BC195BF8AFA1}.Debug|ARM.Build.0 = Debug|Any CPU
		{20BD88D0-7DEA-482F-9E9A-BC195BF8AFA1}.Debug|x64.ActiveCfg = Debug|Any CPU
		{20BD88D0-7DEA-482F-9E9A-BC195BF8AFA1}.Debug|x64.Build.0 = Debug|Any CPU
		{20BD88D0-7DEA-482F-9E9A-BC195BF8AFA1}.Debug|x86.ActiveCfg = Debug|Any CPU
		{20BD88D0-7DEA-482F-9E9A-BC195BF8AFA1}.Debug|x86.Build.0 = Debug|Any CPU
		{20BD88D0-7DEA-482F-9E9A-BC195BF8AFA1}.Release|Any CPU.ActiveCfg = Release|Any CPU
		{20BD88D0-7DEA-482F-9E9A-BC195BF8AFA1}.Release|Any CPU.Build.0 = Release|Any CPU
		{20BD88D0-7DEA-482F-9E9A-BC195BF8AFA1}.Release|ARM.ActiveCfg = Release|Any CPU
		{20BD88D0-7DEA-482F-9E9A-BC195BF8AFA1}.Release|ARM.Build.0 = Release|Any CPU
		{20BD88D0-7DEA-482F-9E9A-BC195BF8AFA1}.Release|x64.ActiveCfg = Release|Any CPU
		{20BD88D0-7DEA-482F-9E9A-BC195BF8AFA1}.Release|x64.Build.0 = Release|Any CPU
		{20BD88D0-7DEA-482F-9E9A-BC195BF8AFA1}.Release|x86.ActiveCfg = Release|Any CPU
		{20BD88D0-7DEA-482F-9E9A-BC195BF8AFA1}.Release|x86.Build.0 = Release|Any CPU
		{D1E971D9-B18E-44B8-85A6-80C505457C1E}.Debug|Any CPU.ActiveCfg = Debug|Any CPU
		{D1E971D9-B18E-44B8-85A6-80C505457C1E}.Debug|Any CPU.Build.0 = Debug|Any CPU
		{D1E971D9-B18E-44B8-85A6-80C505457C1E}.Debug|ARM.ActiveCfg = Debug|Any CPU
		{D1E971D9-B18E-44B8-85A6-80C505457C1E}.Debug|ARM.Build.0 = Debug|Any CPU
		{D1E971D9-B18E-44B8-85A6-80C505457C1E}.Debug|x64.ActiveCfg = Debug|Any CPU
		{D1E971D9-B18E-44B8-85A6-80C505457C1E}.Debug|x64.Build.0 = Debug|Any CPU
		{D1E971D9-B18E-44B8-85A6-80C505457C1E}.Debug|x86.ActiveCfg = Debug|Any CPU
		{D1E971D9-B18E-44B8-85A6-80C505457C1E}.Debug|x86.Build.0 = Debug|Any CPU
		{D1E971D9-B18E-44B8-85A6-80C505457C1E}.Release|Any CPU.ActiveCfg = Release|Any CPU
		{D1E971D9-B18E-44B8-85A6-80C505457C1E}.Release|Any CPU.Build.0 = Release|Any CPU
		{D1E971D9-B18E-44B8-85A6-80C505457C1E}.Release|ARM.ActiveCfg = Release|Any CPU
		{D1E971D9-B18E-44B8-85A6-80C505457C1E}.Release|ARM.Build.0 = Release|Any CPU
		{D1E971D9-B18E-44B8-85A6-80C505457C1E}.Release|x64.ActiveCfg = Release|Any CPU
		{D1E971D9-B18E-44B8-85A6-80C505457C1E}.Release|x64.Build.0 = Release|Any CPU
		{D1E971D9-B18E-44B8-85A6-80C505457C1E}.Release|x86.ActiveCfg = Release|Any CPU
		{D1E971D9-B18E-44B8-85A6-80C505457C1E}.Release|x86.Build.0 = Release|Any CPU
		{3C3FE3E1-1966-4426-9180-D0E364EE2269}.Debug|Any CPU.ActiveCfg = Debug|Any CPU
		{3C3FE3E1-1966-4426-9180-D0E364EE2269}.Debug|Any CPU.Build.0 = Debug|Any CPU
		{3C3FE3E1-1966-4426-9180-D0E364EE2269}.Debug|ARM.ActiveCfg = Debug|Any CPU
		{3C3FE3E1-1966-4426-9180-D0E364EE2269}.Debug|ARM.Build.0 = Debug|Any CPU
		{3C3FE3E1-1966-4426-9180-D0E364EE2269}.Debug|x64.ActiveCfg = Debug|Any CPU
		{3C3FE3E1-1966-4426-9180-D0E364EE2269}.Debug|x64.Build.0 = Debug|Any CPU
		{3C3FE3E1-1966-4426-9180-D0E364EE2269}.Debug|x86.ActiveCfg = Debug|Any CPU
		{3C3FE3E1-1966-4426-9180-D0E364EE2269}.Debug|x86.Build.0 = Debug|Any CPU
		{3C3FE3E1-1966-4426-9180-D0E364EE2269}.Release|Any CPU.ActiveCfg = Release|Any CPU
		{3C3FE3E1-1966-4426-9180-D0E364EE2269}.Release|Any CPU.Build.0 = Release|Any CPU
		{3C3FE3E1-1966-4426-9180-D0E364EE2269}.Release|ARM.ActiveCfg = Release|Any CPU
		{3C3FE3E1-1966-4426-9180-D0E364EE2269}.Release|ARM.Build.0 = Release|Any CPU
		{3C3FE3E1-1966-4426-9180-D0E364EE2269}.Release|x64.ActiveCfg = Release|Any CPU
		{3C3FE3E1-1966-4426-9180-D0E364EE2269}.Release|x64.Build.0 = Release|Any CPU
		{3C3FE3E1-1966-4426-9180-D0E364EE2269}.Release|x86.ActiveCfg = Release|Any CPU
		{3C3FE3E1-1966-4426-9180-D0E364EE2269}.Release|x86.Build.0 = Release|Any CPU
		{B3539CAD-E68B-434B-9315-153EBA1022F6}.Debug|Any CPU.ActiveCfg = Debug|Any CPU
		{B3539CAD-E68B-434B-9315-153EBA1022F6}.Debug|Any CPU.Build.0 = Debug|Any CPU
		{B3539CAD-E68B-434B-9315-153EBA1022F6}.Debug|ARM.ActiveCfg = Debug|Any CPU
		{B3539CAD-E68B-434B-9315-153EBA1022F6}.Debug|ARM.Build.0 = Debug|Any CPU
		{B3539CAD-E68B-434B-9315-153EBA1022F6}.Debug|x64.ActiveCfg = Debug|Any CPU
		{B3539CAD-E68B-434B-9315-153EBA1022F6}.Debug|x64.Build.0 = Debug|Any CPU
		{B3539CAD-E68B-434B-9315-153EBA1022F6}.Debug|x86.ActiveCfg = Debug|Any CPU
		{B3539CAD-E68B-434B-9315-153EBA1022F6}.Debug|x86.Build.0 = Debug|Any CPU
		{B3539CAD-E68B-434B-9315-153EBA1022F6}.Release|Any CPU.ActiveCfg = Release|Any CPU
		{B3539CAD-E68B-434B-9315-153EBA1022F6}.Release|Any CPU.Build.0 = Release|Any CPU
		{B3539CAD-E68B-434B-9315-153EBA1022F6}.Release|ARM.ActiveCfg = Release|Any CPU
		{B3539CAD-E68B-434B-9315-153EBA1022F6}.Release|ARM.Build.0 = Release|Any CPU
		{B3539CAD-E68B-434B-9315-153EBA1022F6}.Release|x64.ActiveCfg = Release|Any CPU
		{B3539CAD-E68B-434B-9315-153EBA1022F6}.Release|x64.Build.0 = Release|Any CPU
		{B3539CAD-E68B-434B-9315-153EBA1022F6}.Release|x86.ActiveCfg = Release|Any CPU
		{B3539CAD-E68B-434B-9315-153EBA1022F6}.Release|x86.Build.0 = Release|Any CPU
		{2C31F4FE-A7F6-4E0D-9C22-3A7E493A5556}.Debug|Any CPU.ActiveCfg = Debug|Any CPU
		{2C31F4FE-A7F6-4E0D-9C22-3A7E493A5556}.Debug|Any CPU.Build.0 = Debug|Any CPU
		{2C31F4FE-A7F6-4E0D-9C22-3A7E493A5556}.Debug|ARM.ActiveCfg = Debug|Any CPU
		{2C31F4FE-A7F6-4E0D-9C22-3A7E493A5556}.Debug|ARM.Build.0 = Debug|Any CPU
		{2C31F4FE-A7F6-4E0D-9C22-3A7E493A5556}.Debug|x64.ActiveCfg = Debug|Any CPU
		{2C31F4FE-A7F6-4E0D-9C22-3A7E493A5556}.Debug|x64.Build.0 = Debug|Any CPU
		{2C31F4FE-A7F6-4E0D-9C22-3A7E493A5556}.Debug|x86.ActiveCfg = Debug|Any CPU
		{2C31F4FE-A7F6-4E0D-9C22-3A7E493A5556}.Debug|x86.Build.0 = Debug|Any CPU
		{2C31F4FE-A7F6-4E0D-9C22-3A7E493A5556}.Release|Any CPU.ActiveCfg = Release|Any CPU
		{2C31F4FE-A7F6-4E0D-9C22-3A7E493A5556}.Release|Any CPU.Build.0 = Release|Any CPU
		{2C31F4FE-A7F6-4E0D-9C22-3A7E493A5556}.Release|ARM.ActiveCfg = Release|Any CPU
		{2C31F4FE-A7F6-4E0D-9C22-3A7E493A5556}.Release|ARM.Build.0 = Release|Any CPU
		{2C31F4FE-A7F6-4E0D-9C22-3A7E493A5556}.Release|x64.ActiveCfg = Release|Any CPU
		{2C31F4FE-A7F6-4E0D-9C22-3A7E493A5556}.Release|x64.Build.0 = Release|Any CPU
		{2C31F4FE-A7F6-4E0D-9C22-3A7E493A5556}.Release|x86.ActiveCfg = Release|Any CPU
		{2C31F4FE-A7F6-4E0D-9C22-3A7E493A5556}.Release|x86.Build.0 = Release|Any CPU
		{59D119F0-1B71-4BEE-B5A2-9064215F0D3F}.Debug|Any CPU.ActiveCfg = Debug|Any CPU
		{59D119F0-1B71-4BEE-B5A2-9064215F0D3F}.Debug|Any CPU.Build.0 = Debug|Any CPU
		{59D119F0-1B71-4BEE-B5A2-9064215F0D3F}.Debug|ARM.ActiveCfg = Debug|Any CPU
		{59D119F0-1B71-4BEE-B5A2-9064215F0D3F}.Debug|ARM.Build.0 = Debug|Any CPU
		{59D119F0-1B71-4BEE-B5A2-9064215F0D3F}.Debug|x64.ActiveCfg = Debug|Any CPU
		{59D119F0-1B71-4BEE-B5A2-9064215F0D3F}.Debug|x64.Build.0 = Debug|Any CPU
		{59D119F0-1B71-4BEE-B5A2-9064215F0D3F}.Debug|x86.ActiveCfg = Debug|Any CPU
		{59D119F0-1B71-4BEE-B5A2-9064215F0D3F}.Debug|x86.Build.0 = Debug|Any CPU
		{59D119F0-1B71-4BEE-B5A2-9064215F0D3F}.Release|Any CPU.ActiveCfg = Release|Any CPU
		{59D119F0-1B71-4BEE-B5A2-9064215F0D3F}.Release|Any CPU.Build.0 = Release|Any CPU
		{59D119F0-1B71-4BEE-B5A2-9064215F0D3F}.Release|ARM.ActiveCfg = Release|Any CPU
		{59D119F0-1B71-4BEE-B5A2-9064215F0D3F}.Release|ARM.Build.0 = Release|Any CPU
		{59D119F0-1B71-4BEE-B5A2-9064215F0D3F}.Release|x64.ActiveCfg = Release|Any CPU
		{59D119F0-1B71-4BEE-B5A2-9064215F0D3F}.Release|x64.Build.0 = Release|Any CPU
		{59D119F0-1B71-4BEE-B5A2-9064215F0D3F}.Release|x86.ActiveCfg = Release|Any CPU
		{59D119F0-1B71-4BEE-B5A2-9064215F0D3F}.Release|x86.Build.0 = Release|Any CPU
		{C0350FF8-5680-41EC-8FD4-5BABC6FC34BD}.Debug|Any CPU.ActiveCfg = Debug|Any CPU
		{C0350FF8-5680-41EC-8FD4-5BABC6FC34BD}.Debug|Any CPU.Build.0 = Debug|Any CPU
		{C0350FF8-5680-41EC-8FD4-5BABC6FC34BD}.Debug|ARM.ActiveCfg = Debug|Any CPU
		{C0350FF8-5680-41EC-8FD4-5BABC6FC34BD}.Debug|ARM.Build.0 = Debug|Any CPU
		{C0350FF8-5680-41EC-8FD4-5BABC6FC34BD}.Debug|x64.ActiveCfg = Debug|Any CPU
		{C0350FF8-5680-41EC-8FD4-5BABC6FC34BD}.Debug|x64.Build.0 = Debug|Any CPU
		{C0350FF8-5680-41EC-8FD4-5BABC6FC34BD}.Debug|x86.ActiveCfg = Debug|Any CPU
		{C0350FF8-5680-41EC-8FD4-5BABC6FC34BD}.Debug|x86.Build.0 = Debug|Any CPU
		{C0350FF8-5680-41EC-8FD4-5BABC6FC34BD}.Release|Any CPU.ActiveCfg = Release|Any CPU
		{C0350FF8-5680-41EC-8FD4-5BABC6FC34BD}.Release|Any CPU.Build.0 = Release|Any CPU
		{C0350FF8-5680-41EC-8FD4-5BABC6FC34BD}.Release|ARM.ActiveCfg = Release|Any CPU
		{C0350FF8-5680-41EC-8FD4-5BABC6FC34BD}.Release|ARM.Build.0 = Release|Any CPU
		{C0350FF8-5680-41EC-8FD4-5BABC6FC34BD}.Release|x64.ActiveCfg = Release|Any CPU
		{C0350FF8-5680-41EC-8FD4-5BABC6FC34BD}.Release|x64.Build.0 = Release|Any CPU
		{C0350FF8-5680-41EC-8FD4-5BABC6FC34BD}.Release|x86.ActiveCfg = Release|Any CPU
		{C0350FF8-5680-41EC-8FD4-5BABC6FC34BD}.Release|x86.Build.0 = Release|Any CPU
		{BE62E698-7646-41C3-A036-67F3A9CB4124}.Debug|Any CPU.ActiveCfg = Debug|Any CPU
		{BE62E698-7646-41C3-A036-67F3A9CB4124}.Debug|Any CPU.Build.0 = Debug|Any CPU
		{BE62E698-7646-41C3-A036-67F3A9CB4124}.Debug|ARM.ActiveCfg = Debug|Any CPU
		{BE62E698-7646-41C3-A036-67F3A9CB4124}.Debug|ARM.Build.0 = Debug|Any CPU
		{BE62E698-7646-41C3-A036-67F3A9CB4124}.Debug|x64.ActiveCfg = Debug|Any CPU
		{BE62E698-7646-41C3-A036-67F3A9CB4124}.Debug|x64.Build.0 = Debug|Any CPU
		{BE62E698-7646-41C3-A036-67F3A9CB4124}.Debug|x86.ActiveCfg = Debug|Any CPU
		{BE62E698-7646-41C3-A036-67F3A9CB4124}.Debug|x86.Build.0 = Debug|Any CPU
		{BE62E698-7646-41C3-A036-67F3A9CB4124}.Release|Any CPU.ActiveCfg = Release|Any CPU
		{BE62E698-7646-41C3-A036-67F3A9CB4124}.Release|Any CPU.Build.0 = Release|Any CPU
		{BE62E698-7646-41C3-A036-67F3A9CB4124}.Release|ARM.ActiveCfg = Release|Any CPU
		{BE62E698-7646-41C3-A036-67F3A9CB4124}.Release|ARM.Build.0 = Release|Any CPU
		{BE62E698-7646-41C3-A036-67F3A9CB4124}.Release|x64.ActiveCfg = Release|Any CPU
		{BE62E698-7646-41C3-A036-67F3A9CB4124}.Release|x64.Build.0 = Release|Any CPU
		{BE62E698-7646-41C3-A036-67F3A9CB4124}.Release|x86.ActiveCfg = Release|Any CPU
		{BE62E698-7646-41C3-A036-67F3A9CB4124}.Release|x86.Build.0 = Release|Any CPU
	EndGlobalSection
	GlobalSection(SolutionProperties) = preSolution
		HideSolutionNode = FALSE
	EndGlobalSection
	GlobalSection(NestedProjects) = preSolution
		{C7F8D1B5-1F5B-43ED-9F8E-24A80B502C63} = {A4686CE3-29EA-4BB0-BA45-9882BC3F675C}
		{AEC65BC1-D66D-4C5E-8E93-3A35C77FA3EB} = {A4686CE3-29EA-4BB0-BA45-9882BC3F675C}
		{73AF5532-128E-4658-A222-55E7D6CCB693} = {A4686CE3-29EA-4BB0-BA45-9882BC3F675C}
		{A1CE31BC-5326-41FD-96D8-6481A011301B} = {70BEEE77-3E24-446C-97EC-27D6C5DA90C2}
		{70132CC2-D91B-4BE7-95F0-F0B2FE832BC8} = {A4686CE3-29EA-4BB0-BA45-9882BC3F675C}
		{B1B4C2A6-D5AC-47ED-B0B8-9EBB3CC859EC} = {1F529042-94A6-4F5A-BEAE-BBEFDC62B3AB}
		{B08E1C97-2C5B-49F6-B1A2-1067F8C87997} = {73AF5532-128E-4658-A222-55E7D6CCB693}
		{8F1E1F7C-84C7-4AF1-AF6E-4203C1A56747} = {A4686CE3-29EA-4BB0-BA45-9882BC3F675C}
		{1F529042-94A6-4F5A-BEAE-BBEFDC62B3AB} = {A4686CE3-29EA-4BB0-BA45-9882BC3F675C}
		{EDB89ECD-9F33-4E30-9AD0-EE7028833026} = {A4686CE3-29EA-4BB0-BA45-9882BC3F675C}
		{0FAFF374-DE27-4DED-BF1B-9E6D5CEE260C} = {70132CC2-D91B-4BE7-95F0-F0B2FE832BC8}
		{45AA67AE-3FB2-431C-B5C7-C3742FD54FAF} = {EDB89ECD-9F33-4E30-9AD0-EE7028833026}
		{7F2F561F-2461-47E0-85A9-7D1502FDB686} = {C7F8D1B5-1F5B-43ED-9F8E-24A80B502C63}
		{E6AFAB52-F462-4849-93BE-E348DD8F7A89} = {C7F8D1B5-1F5B-43ED-9F8E-24A80B502C63}
		{54216B1D-FE05-40BD-BE33-817D183BE109} = {73AF5532-128E-4658-A222-55E7D6CCB693}
		{4F2ED1C2-3525-403D-9134-F7868BEAD15E} = {73AF5532-128E-4658-A222-55E7D6CCB693}
		{CF70ABE4-FC39-487E-A6FD-D2502B92158E} = {70BEEE77-3E24-446C-97EC-27D6C5DA90C2}
		{0DACA6D8-9538-4B01-BF95-7722F9BE604E} = {70BEEE77-3E24-446C-97EC-27D6C5DA90C2}
		{B399AF7C-B594-4F3D-B678-A07337CEF9FC} = {70BEEE77-3E24-446C-97EC-27D6C5DA90C2}
		{20BD88D0-7DEA-482F-9E9A-BC195BF8AFA1} = {70BEEE77-3E24-446C-97EC-27D6C5DA90C2}
		{D1E971D9-B18E-44B8-85A6-80C505457C1E} = {70BEEE77-3E24-446C-97EC-27D6C5DA90C2}
		{3C3FE3E1-1966-4426-9180-D0E364EE2269} = {70132CC2-D91B-4BE7-95F0-F0B2FE832BC8}
		{B3539CAD-E68B-434B-9315-153EBA1022F6} = {EDB89ECD-9F33-4E30-9AD0-EE7028833026}
		{2C31F4FE-A7F6-4E0D-9C22-3A7E493A5556} = {AEC65BC1-D66D-4C5E-8E93-3A35C77FA3EB}
		{59D119F0-1B71-4BEE-B5A2-9064215F0D3F} = {8F1E1F7C-84C7-4AF1-AF6E-4203C1A56747}
		{C0350FF8-5680-41EC-8FD4-5BABC6FC34BD} = {1F529042-94A6-4F5A-BEAE-BBEFDC62B3AB}
		{BE62E698-7646-41C3-A036-67F3A9CB4124} = {70132CC2-D91B-4BE7-95F0-F0B2FE832BC8}
	EndGlobalSection
	GlobalSection(ExtensibilityGlobals) = postSolution
		SolutionGuid = {EBDF03CC-C1B9-4613-BA06-AC9D5A65618A}
	EndGlobalSection
EndGlobal
