
Microsoft Visual Studio Solution File, Format Version 12.00
# Visual Studio 2013
VisualStudioVersion = 12.0.40629.0
MinimumVisualStudioVersion = 10.0.40219.1
Project("{2150E333-8FDC-42A3-9474-1A3956D46DE8}") = "Fake", "Fake", "{A4686CE3-29EA-4BB0-BA45-9882BC3F675C}"
EndProject
Project("{2150E333-8FDC-42A3-9474-1A3956D46DE8}") = "Tests", "Tests", "{70BEEE77-3E24-446C-97EC-27D6C5DA90C2}"
EndProject
Project("{FAE04EC0-301F-11D3-BF4B-00C04F79EFBC}") = "Attest.Fake.Builders", "Attest.Fake.Builders\Attest.Fake.Builders.csproj", "{66FB1045-8D8A-4F9C-A75C-2ED2D8A61D6C}"
EndProject
Project("{FAE04EC0-301F-11D3-BF4B-00C04F79EFBC}") = "Attest.Fake.Core", "Attest.Fake.Core\Attest.Fake.Core.csproj", "{FBBEA4D0-392A-4AB2-910D-65F18BF8C4DD}"
EndProject
Project("{FAE04EC0-301F-11D3-BF4B-00C04F79EFBC}") = "Attest.Fake.FakeItEasy", "Attest.Fake.FakeItEasy\Attest.Fake.FakeItEasy.csproj", "{ECDD22D2-021E-415E-9995-CA32A9032832}"
EndProject
Project("{FAE04EC0-301F-11D3-BF4B-00C04F79EFBC}") = "Attest.Fake.Moq", "Attest.Fake.Moq\Attest.Fake.Moq.csproj", "{257C1B0E-BD8D-4DDB-AC94-7494382D2C5F}"
EndProject
Project("{FAE04EC0-301F-11D3-BF4B-00C04F79EFBC}") = "Attest.Tests.Core", "Attest.Tests.Core\Attest.Tests.Core.csproj", "{CA530825-0F66-41C4-9623-2B54985E1E46}"
EndProject
Project("{FAE04EC0-301F-11D3-BF4B-00C04F79EFBC}") = "Attest.Tests.NUnit", "Attest.Tests.NUnit\Attest.Tests.NUnit.csproj", "{9FF05651-87CC-49B9-A054-626FC33D819E}"
EndProject
Project("{FAE04EC0-301F-11D3-BF4B-00C04F79EFBC}") = "Attest.Tests.SpecFlow", "Attest.Tests.SpecFlow\Attest.Tests.SpecFlow.csproj", "{A1CE31BC-5326-41FD-96D8-6481A011301B}"
EndProject
Project("{FAE04EC0-301F-11D3-BF4B-00C04F79EFBC}") = "Attest.Fake.Setup.Contracts", "Attest.Fake.Setup.Contracts\Attest.Fake.Setup.Contracts.csproj", "{FB22E8C7-0F5F-4344-A2F6-EE824389568E}"
EndProject
Project("{FAE04EC0-301F-11D3-BF4B-00C04F79EFBC}") = "Attest.Fake.Setup", "Attest.Fake.Setup\Attest.Fake.Setup.csproj", "{451FA9C6-0A3A-4B70-A6A3-4216848A95F4}"
EndProject
Global
	GlobalSection(SolutionConfigurationPlatforms) = preSolution
		Debug|Any CPU = Debug|Any CPU
		Release|Any CPU = Release|Any CPU
	EndGlobalSection
	GlobalSection(ProjectConfigurationPlatforms) = postSolution
		{66FB1045-8D8A-4F9C-A75C-2ED2D8A61D6C}.Debug|Any CPU.ActiveCfg = Debug|Any CPU
		{66FB1045-8D8A-4F9C-A75C-2ED2D8A61D6C}.Debug|Any CPU.Build.0 = Debug|Any CPU
		{66FB1045-8D8A-4F9C-A75C-2ED2D8A61D6C}.Release|Any CPU.ActiveCfg = Release|Any CPU
		{66FB1045-8D8A-4F9C-A75C-2ED2D8A61D6C}.Release|Any CPU.Build.0 = Release|Any CPU
		{FBBEA4D0-392A-4AB2-910D-65F18BF8C4DD}.Debug|Any CPU.ActiveCfg = Debug|Any CPU
		{FBBEA4D0-392A-4AB2-910D-65F18BF8C4DD}.Debug|Any CPU.Build.0 = Debug|Any CPU
		{FBBEA4D0-392A-4AB2-910D-65F18BF8C4DD}.Release|Any CPU.ActiveCfg = Release|Any CPU
		{FBBEA4D0-392A-4AB2-910D-65F18BF8C4DD}.Release|Any CPU.Build.0 = Release|Any CPU
		{ECDD22D2-021E-415E-9995-CA32A9032832}.Debug|Any CPU.ActiveCfg = Debug|Any CPU
		{ECDD22D2-021E-415E-9995-CA32A9032832}.Debug|Any CPU.Build.0 = Debug|Any CPU
		{ECDD22D2-021E-415E-9995-CA32A9032832}.Release|Any CPU.ActiveCfg = Release|Any CPU
		{ECDD22D2-021E-415E-9995-CA32A9032832}.Release|Any CPU.Build.0 = Release|Any CPU
		{257C1B0E-BD8D-4DDB-AC94-7494382D2C5F}.Debug|Any CPU.ActiveCfg = Debug|Any CPU
		{257C1B0E-BD8D-4DDB-AC94-7494382D2C5F}.Debug|Any CPU.Build.0 = Debug|Any CPU
		{257C1B0E-BD8D-4DDB-AC94-7494382D2C5F}.Release|Any CPU.ActiveCfg = Release|Any CPU
		{257C1B0E-BD8D-4DDB-AC94-7494382D2C5F}.Release|Any CPU.Build.0 = Release|Any CPU
		{CA530825-0F66-41C4-9623-2B54985E1E46}.Debug|Any CPU.ActiveCfg = Debug|Any CPU
		{CA530825-0F66-41C4-9623-2B54985E1E46}.Debug|Any CPU.Build.0 = Debug|Any CPU
		{CA530825-0F66-41C4-9623-2B54985E1E46}.Release|Any CPU.ActiveCfg = Release|Any CPU
		{CA530825-0F66-41C4-9623-2B54985E1E46}.Release|Any CPU.Build.0 = Release|Any CPU
		{9FF05651-87CC-49B9-A054-626FC33D819E}.Debug|Any CPU.ActiveCfg = Debug|Any CPU
		{9FF05651-87CC-49B9-A054-626FC33D819E}.Debug|Any CPU.Build.0 = Debug|Any CPU
		{9FF05651-87CC-49B9-A054-626FC33D819E}.Release|Any CPU.ActiveCfg = Release|Any CPU
		{9FF05651-87CC-49B9-A054-626FC33D819E}.Release|Any CPU.Build.0 = Release|Any CPU
		{A1CE31BC-5326-41FD-96D8-6481A011301B}.Debug|Any CPU.ActiveCfg = Debug|Any CPU
		{A1CE31BC-5326-41FD-96D8-6481A011301B}.Debug|Any CPU.Build.0 = Debug|Any CPU
		{A1CE31BC-5326-41FD-96D8-6481A011301B}.Release|Any CPU.ActiveCfg = Release|Any CPU
		{A1CE31BC-5326-41FD-96D8-6481A011301B}.Release|Any CPU.Build.0 = Release|Any CPU
		{FB22E8C7-0F5F-4344-A2F6-EE824389568E}.Debug|Any CPU.ActiveCfg = Debug|Any CPU
		{FB22E8C7-0F5F-4344-A2F6-EE824389568E}.Debug|Any CPU.Build.0 = Debug|Any CPU
		{FB22E8C7-0F5F-4344-A2F6-EE824389568E}.Release|Any CPU.ActiveCfg = Release|Any CPU
		{FB22E8C7-0F5F-4344-A2F6-EE824389568E}.Release|Any CPU.Build.0 = Release|Any CPU
		{451FA9C6-0A3A-4B70-A6A3-4216848A95F4}.Debug|Any CPU.ActiveCfg = Debug|Any CPU
		{451FA9C6-0A3A-4B70-A6A3-4216848A95F4}.Debug|Any CPU.Build.0 = Debug|Any CPU
		{451FA9C6-0A3A-4B70-A6A3-4216848A95F4}.Release|Any CPU.ActiveCfg = Release|Any CPU
		{451FA9C6-0A3A-4B70-A6A3-4216848A95F4}.Release|Any CPU.Build.0 = Release|Any CPU
	EndGlobalSection
	GlobalSection(SolutionProperties) = preSolution
		HideSolutionNode = FALSE
	EndGlobalSection
	GlobalSection(NestedProjects) = preSolution
		{66FB1045-8D8A-4F9C-A75C-2ED2D8A61D6C} = {A4686CE3-29EA-4BB0-BA45-9882BC3F675C}
		{FBBEA4D0-392A-4AB2-910D-65F18BF8C4DD} = {A4686CE3-29EA-4BB0-BA45-9882BC3F675C}
		{ECDD22D2-021E-415E-9995-CA32A9032832} = {A4686CE3-29EA-4BB0-BA45-9882BC3F675C}
		{257C1B0E-BD8D-4DDB-AC94-7494382D2C5F} = {A4686CE3-29EA-4BB0-BA45-9882BC3F675C}
		{CA530825-0F66-41C4-9623-2B54985E1E46} = {70BEEE77-3E24-446C-97EC-27D6C5DA90C2}
		{9FF05651-87CC-49B9-A054-626FC33D819E} = {70BEEE77-3E24-446C-97EC-27D6C5DA90C2}
		{A1CE31BC-5326-41FD-96D8-6481A011301B} = {70BEEE77-3E24-446C-97EC-27D6C5DA90C2}
		{FB22E8C7-0F5F-4344-A2F6-EE824389568E} = {A4686CE3-29EA-4BB0-BA45-9882BC3F675C}
		{451FA9C6-0A3A-4B70-A6A3-4216848A95F4} = {A4686CE3-29EA-4BB0-BA45-9882BC3F675C}
	EndGlobalSection
EndGlobal
