
Microsoft Visual Studio Solution File, Format Version 12.00
# Visual Studio 15
VisualStudioVersion = 15.0.27004.2010
MinimumVisualStudioVersion = 10.0.40219.1
Project("{2150E333-8FDC-42A3-9474-1A3956D46DE8}") = "Fake", "Fake", "{A4686CE3-29EA-4BB0-BA45-9882BC3F675C}"
EndProject
Project("{2150E333-8FDC-42A3-9474-1A3956D46DE8}") = "Testing", "Testing", "{70BEEE77-3E24-446C-97EC-27D6C5DA90C2}"
EndProject
Project("{2150E333-8FDC-42A3-9474-1A3956D46DE8}") = "Registration", "Registration", "{C7F8D1B5-1F5B-43ED-9F8E-24A80B502C63}"
EndProject
Project("{2150E333-8FDC-42A3-9474-1A3956D46DE8}") = "Builders", "Builders", "{AEC65BC1-D66D-4C5E-8E93-3A35C77FA3EB}"
EndProject
Project("{2150E333-8FDC-42A3-9474-1A3956D46DE8}") = "Setup", "Setup", "{73AF5532-128E-4658-A222-55E7D6CCB693}"
EndProject
Project("{9A19103F-16F7-4668-BE54-9A1E7A4F7556}") = "Attest.Testing.SpecFlow", "Attest.Testing.SpecFlow\Attest.Testing.SpecFlow.csproj", "{A1CE31BC-5326-41FD-96D8-6481A011301B}"
EndProject
Project("{2150E333-8FDC-42A3-9474-1A3956D46DE8}") = "LightMock", "LightMock", "{70132CC2-D91B-4BE7-95F0-F0B2FE832BC8}"
EndProject
Project("{FAE04EC0-301F-11D3-BF4B-00C04F79EFBC}") = "Attest.Fake.FakeItEasy.Tests", "Attest.Fake.FakeItEasy.Tests\Attest.Fake.FakeItEasy.Tests.csproj", "{B1B4C2A6-D5AC-47ED-B0B8-9EBB3CC859EC}"
EndProject
Project("{FAE04EC0-301F-11D3-BF4B-00C04F79EFBC}") = "Attest.Fake.Setup.Tests", "Attest.Fake.Setup.Tests\Attest.Fake.Setup.Tests.csproj", "{B08E1C97-2C5B-49F6-B1A2-1067F8C87997}"
EndProject
Project("{2150E333-8FDC-42A3-9474-1A3956D46DE8}") = "Core", "Core", "{8F1E1F7C-84C7-4AF1-AF6E-4203C1A56747}"
EndProject
Project("{2150E333-8FDC-42A3-9474-1A3956D46DE8}") = "FakeItEasy", "FakeItEasy", "{1F529042-94A6-4F5A-BEAE-BBEFDC62B3AB}"
EndProject
Project("{2150E333-8FDC-42A3-9474-1A3956D46DE8}") = "Moq", "Moq", "{EDB89ECD-9F33-4E30-9AD0-EE7028833026}"
EndProject
Project("{FAE04EC0-301F-11D3-BF4B-00C04F79EFBC}") = "Attest.Testing.Core.Tests", "Attest.Testing.Core.Tests\Attest.Testing.Core.Tests.csproj", "{20BD88D0-7DEA-482F-9E9A-BC195BF8AFA1}"
EndProject
Project("{FAE04EC0-301F-11D3-BF4B-00C04F79EFBC}") = "Attest.Fake.Moq.Tests", "Attest.Fake.Moq.Tests\Attest.Fake.Moq.Tests.csproj", "{B3539CAD-E68B-434B-9315-153EBA1022F6}"
EndProject
Project("{9A19103F-16F7-4668-BE54-9A1E7A4F7556}") = "Attest.Fake.Builders", "Attest.Fake.Builders\Attest.Fake.Builders.csproj", "{2C31F4FE-A7F6-4E0D-9C22-3A7E493A5556}"
EndProject
Project("{9A19103F-16F7-4668-BE54-9A1E7A4F7556}") = "Attest.Fake.Core", "Attest.Fake.Core\Attest.Fake.Core.csproj", "{59D119F0-1B71-4BEE-B5A2-9064215F0D3F}"
EndProject
Project("{9A19103F-16F7-4668-BE54-9A1E7A4F7556}") = "Attest.Fake.FakeItEasy", "Attest.Fake.FakeItEasy\Attest.Fake.FakeItEasy.csproj", "{C0350FF8-5680-41EC-8FD4-5BABC6FC34BD}"
EndProject
Project("{9A19103F-16F7-4668-BE54-9A1E7A4F7556}") = "LightMock", "LightMock\LightMock.csproj", "{BE62E698-7646-41C3-A036-67F3A9CB4124}"
EndProject
Project("{9A19103F-16F7-4668-BE54-9A1E7A4F7556}") = "Attest.Fake.LightMock", "Attest.Fake.LightMock\Attest.Fake.LightMock.csproj", "{91D1CB6B-2D09-46D2-999F-A275A119D4FF}"
EndProject
Project("{9A19103F-16F7-4668-BE54-9A1E7A4F7556}") = "Attest.Fake.Moq", "Attest.Fake.Moq\Attest.Fake.Moq.csproj", "{631E0123-DFE0-42EB-9B52-22E24C7EBF91}"
EndProject
Project("{9A19103F-16F7-4668-BE54-9A1E7A4F7556}") = "Attest.Fake.Registration.Extensions", "Attest.Fake.Registration.Extensions\Attest.Fake.Registration.Extensions.csproj", "{84FD35D6-7496-405F-80CB-D3914B0256B0}"
EndProject
Project("{9A19103F-16F7-4668-BE54-9A1E7A4F7556}") = "Attest.Fake.Registration", "Attest.Fake.Registration\Attest.Fake.Registration.csproj", "{3CA7CA5F-7BEA-4A80-A784-9EC889BE10D7}"
EndProject
Project("{9A19103F-16F7-4668-BE54-9A1E7A4F7556}") = "Attest.Fake.Setup.Contracts", "Attest.Fake.Setup.Contracts\Attest.Fake.Setup.Contracts.csproj", "{8AD6083C-054B-4D64-BF03-E276A81D3412}"
EndProject
Project("{9A19103F-16F7-4668-BE54-9A1E7A4F7556}") = "Attest.Fake.Setup", "Attest.Fake.Setup\Attest.Fake.Setup.csproj", "{62E41202-991E-47FD-86BB-FE0FCE7E8323}"
EndProject
Project("{9A19103F-16F7-4668-BE54-9A1E7A4F7556}") = "Attest.Testing.Contracts", "Attest.Testing.Contracts\Attest.Testing.Contracts.csproj", "{31BCFEBC-47B0-4D7A-B0DC-343A034962F3}"
EndProject
Project("{9A19103F-16F7-4668-BE54-9A1E7A4F7556}") = "Attest.Testing.Core", "Attest.Testing.Core\Attest.Testing.Core.csproj", "{5F64E00B-71FC-439F-A9AB-C06F28017A1D}"
EndProject
Project("{9A19103F-16F7-4668-BE54-9A1E7A4F7556}") = "Attest.Testing.NUnit", "Attest.Testing.NUnit\Attest.Testing.NUnit.csproj", "{AD2ED4B8-8C3E-4D9D-95CD-56E1896659A7}"
EndProject
Project("{9A19103F-16F7-4668-BE54-9A1E7A4F7556}") = "Attest.Testing.xUnit", "Attest.Testing.xUnit\Attest.Testing.xUnit.csproj", "{399B4278-8DD8-4892-B1D1-7506331FC4EE}"
EndProject
Project("{2150E333-8FDC-42A3-9474-1A3956D46DE8}") = "Data", "Data", "{A69CB071-86D7-4D2D-8D7D-6F03912AD8E0}"
EndProject
Project("{9A19103F-16F7-4668-BE54-9A1E7A4F7556}") = "Attest.Fake.Data", "Attest.Fake.Data\Attest.Fake.Data.csproj", "{AFF62048-65BF-4BBB-97F1-E72369E83637}"
EndProject
Global
	GlobalSection(SolutionConfigurationPlatforms) = preSolution
		Debug|Any CPU = Debug|Any CPU
		Debug|ARM = Debug|ARM
		Debug|x64 = Debug|x64
		Debug|x86 = Debug|x86
		Release|Any CPU = Release|Any CPU
		Release|ARM = Release|ARM
		Release|x64 = Release|x64
		Release|x86 = Release|x86
	EndGlobalSection
	GlobalSection(ProjectConfigurationPlatforms) = postSolution
		{A1CE31BC-5326-41FD-96D8-6481A011301B}.Debug|Any CPU.ActiveCfg = Debug|Any CPU
		{A1CE31BC-5326-41FD-96D8-6481A011301B}.Debug|Any CPU.Build.0 = Debug|Any CPU
		{A1CE31BC-5326-41FD-96D8-6481A011301B}.Debug|ARM.ActiveCfg = Debug|Any CPU
		{A1CE31BC-5326-41FD-96D8-6481A011301B}.Debug|ARM.Build.0 = Debug|Any CPU
		{A1CE31BC-5326-41FD-96D8-6481A011301B}.Debug|x64.ActiveCfg = Debug|Any CPU
		{A1CE31BC-5326-41FD-96D8-6481A011301B}.Debug|x64.Build.0 = Debug|Any CPU
		{A1CE31BC-5326-41FD-96D8-6481A011301B}.Debug|x86.ActiveCfg = Debug|Any CPU
		{A1CE31BC-5326-41FD-96D8-6481A011301B}.Debug|x86.Build.0 = Debug|Any CPU
		{A1CE31BC-5326-41FD-96D8-6481A011301B}.Release|Any CPU.ActiveCfg = Release|Any CPU
		{A1CE31BC-5326-41FD-96D8-6481A011301B}.Release|Any CPU.Build.0 = Release|Any CPU
		{A1CE31BC-5326-41FD-96D8-6481A011301B}.Release|ARM.ActiveCfg = Release|Any CPU
		{A1CE31BC-5326-41FD-96D8-6481A011301B}.Release|ARM.Build.0 = Release|Any CPU
		{A1CE31BC-5326-41FD-96D8-6481A011301B}.Release|x64.ActiveCfg = Release|Any CPU
		{A1CE31BC-5326-41FD-96D8-6481A011301B}.Release|x64.Build.0 = Release|Any CPU
		{A1CE31BC-5326-41FD-96D8-6481A011301B}.Release|x86.ActiveCfg = Release|Any CPU
		{A1CE31BC-5326-41FD-96D8-6481A011301B}.Release|x86.Build.0 = Release|Any CPU
		{B1B4C2A6-D5AC-47ED-B0B8-9EBB3CC859EC}.Debug|Any CPU.ActiveCfg = Debug|Any CPU
		{B1B4C2A6-D5AC-47ED-B0B8-9EBB3CC859EC}.Debug|Any CPU.Build.0 = Debug|Any CPU
		{B1B4C2A6-D5AC-47ED-B0B8-9EBB3CC859EC}.Debug|ARM.ActiveCfg = Debug|Any CPU
		{B1B4C2A6-D5AC-47ED-B0B8-9EBB3CC859EC}.Debug|ARM.Build.0 = Debug|Any CPU
		{B1B4C2A6-D5AC-47ED-B0B8-9EBB3CC859EC}.Debug|x64.ActiveCfg = Debug|Any CPU
		{B1B4C2A6-D5AC-47ED-B0B8-9EBB3CC859EC}.Debug|x64.Build.0 = Debug|Any CPU
		{B1B4C2A6-D5AC-47ED-B0B8-9EBB3CC859EC}.Debug|x86.ActiveCfg = Debug|Any CPU
		{B1B4C2A6-D5AC-47ED-B0B8-9EBB3CC859EC}.Debug|x86.Build.0 = Debug|Any CPU
		{B1B4C2A6-D5AC-47ED-B0B8-9EBB3CC859EC}.Release|Any CPU.ActiveCfg = Release|Any CPU
		{B1B4C2A6-D5AC-47ED-B0B8-9EBB3CC859EC}.Release|Any CPU.Build.0 = Release|Any CPU
		{B1B4C2A6-D5AC-47ED-B0B8-9EBB3CC859EC}.Release|ARM.ActiveCfg = Release|Any CPU
		{B1B4C2A6-D5AC-47ED-B0B8-9EBB3CC859EC}.Release|ARM.Build.0 = Release|Any CPU
		{B1B4C2A6-D5AC-47ED-B0B8-9EBB3CC859EC}.Release|x64.ActiveCfg = Release|Any CPU
		{B1B4C2A6-D5AC-47ED-B0B8-9EBB3CC859EC}.Release|x64.Build.0 = Release|Any CPU
		{B1B4C2A6-D5AC-47ED-B0B8-9EBB3CC859EC}.Release|x86.ActiveCfg = Release|Any CPU
		{B1B4C2A6-D5AC-47ED-B0B8-9EBB3CC859EC}.Release|x86.Build.0 = Release|Any CPU
		{B08E1C97-2C5B-49F6-B1A2-1067F8C87997}.Debug|Any CPU.ActiveCfg = Debug|Any CPU
		{B08E1C97-2C5B-49F6-B1A2-1067F8C87997}.Debug|Any CPU.Build.0 = Debug|Any CPU
		{B08E1C97-2C5B-49F6-B1A2-1067F8C87997}.Debug|ARM.ActiveCfg = Debug|Any CPU
		{B08E1C97-2C5B-49F6-B1A2-1067F8C87997}.Debug|ARM.Build.0 = Debug|Any CPU
		{B08E1C97-2C5B-49F6-B1A2-1067F8C87997}.Debug|x64.ActiveCfg = Debug|Any CPU
		{B08E1C97-2C5B-49F6-B1A2-1067F8C87997}.Debug|x64.Build.0 = Debug|Any CPU
		{B08E1C97-2C5B-49F6-B1A2-1067F8C87997}.Debug|x86.ActiveCfg = Debug|Any CPU
		{B08E1C97-2C5B-49F6-B1A2-1067F8C87997}.Debug|x86.Build.0 = Debug|Any CPU
		{B08E1C97-2C5B-49F6-B1A2-1067F8C87997}.Release|Any CPU.ActiveCfg = Release|Any CPU
		{B08E1C97-2C5B-49F6-B1A2-1067F8C87997}.Release|Any CPU.Build.0 = Release|Any CPU
		{B08E1C97-2C5B-49F6-B1A2-1067F8C87997}.Release|ARM.ActiveCfg = Release|Any CPU
		{B08E1C97-2C5B-49F6-B1A2-1067F8C87997}.Release|ARM.Build.0 = Release|Any CPU
		{B08E1C97-2C5B-49F6-B1A2-1067F8C87997}.Release|x64.ActiveCfg = Release|Any CPU
		{B08E1C97-2C5B-49F6-B1A2-1067F8C87997}.Release|x64.Build.0 = Release|Any CPU
		{B08E1C97-2C5B-49F6-B1A2-1067F8C87997}.Release|x86.ActiveCfg = Release|Any CPU
		{B08E1C97-2C5B-49F6-B1A2-1067F8C87997}.Release|x86.Build.0 = Release|Any CPU
		{20BD88D0-7DEA-482F-9E9A-BC195BF8AFA1}.Debug|Any CPU.ActiveCfg = Debug|Any CPU
		{20BD88D0-7DEA-482F-9E9A-BC195BF8AFA1}.Debug|Any CPU.Build.0 = Debug|Any CPU
		{20BD88D0-7DEA-482F-9E9A-BC195BF8AFA1}.Debug|ARM.ActiveCfg = Debug|Any CPU
		{20BD88D0-7DEA-482F-9E9A-BC195BF8AFA1}.Debug|ARM.Build.0 = Debug|Any CPU
		{20BD88D0-7DEA-482F-9E9A-BC195BF8AFA1}.Debug|x64.ActiveCfg = Debug|Any CPU
		{20BD88D0-7DEA-482F-9E9A-BC195BF8AFA1}.Debug|x64.Build.0 = Debug|Any CPU
		{20BD88D0-7DEA-482F-9E9A-BC195BF8AFA1}.Debug|x86.ActiveCfg = Debug|Any CPU
		{20BD88D0-7DEA-482F-9E9A-BC195BF8AFA1}.Debug|x86.Build.0 = Debug|Any CPU
		{20BD88D0-7DEA-482F-9E9A-BC195BF8AFA1}.Release|Any CPU.ActiveCfg = Release|Any CPU
		{20BD88D0-7DEA-482F-9E9A-BC195BF8AFA1}.Release|Any CPU.Build.0 = Release|Any CPU
		{20BD88D0-7DEA-482F-9E9A-BC195BF8AFA1}.Release|ARM.ActiveCfg = Release|Any CPU
		{20BD88D0-7DEA-482F-9E9A-BC195BF8AFA1}.Release|ARM.Build.0 = Release|Any CPU
		{20BD88D0-7DEA-482F-9E9A-BC195BF8AFA1}.Release|x64.ActiveCfg = Release|Any CPU
		{20BD88D0-7DEA-482F-9E9A-BC195BF8AFA1}.Release|x64.Build.0 = Release|Any CPU
		{20BD88D0-7DEA-482F-9E9A-BC195BF8AFA1}.Release|x86.ActiveCfg = Release|Any CPU
		{20BD88D0-7DEA-482F-9E9A-BC195BF8AFA1}.Release|x86.Build.0 = Release|Any CPU
		{B3539CAD-E68B-434B-9315-153EBA1022F6}.Debug|Any CPU.ActiveCfg = Debug|Any CPU
		{B3539CAD-E68B-434B-9315-153EBA1022F6}.Debug|Any CPU.Build.0 = Debug|Any CPU
		{B3539CAD-E68B-434B-9315-153EBA1022F6}.Debug|ARM.ActiveCfg = Debug|Any CPU
		{B3539CAD-E68B-434B-9315-153EBA1022F6}.Debug|ARM.Build.0 = Debug|Any CPU
		{B3539CAD-E68B-434B-9315-153EBA1022F6}.Debug|x64.ActiveCfg = Debug|Any CPU
		{B3539CAD-E68B-434B-9315-153EBA1022F6}.Debug|x64.Build.0 = Debug|Any CPU
		{B3539CAD-E68B-434B-9315-153EBA1022F6}.Debug|x86.ActiveCfg = Debug|Any CPU
		{B3539CAD-E68B-434B-9315-153EBA1022F6}.Debug|x86.Build.0 = Debug|Any CPU
		{B3539CAD-E68B-434B-9315-153EBA1022F6}.Release|Any CPU.ActiveCfg = Release|Any CPU
		{B3539CAD-E68B-434B-9315-153EBA1022F6}.Release|Any CPU.Build.0 = Release|Any CPU
		{B3539CAD-E68B-434B-9315-153EBA1022F6}.Release|ARM.ActiveCfg = Release|Any CPU
		{B3539CAD-E68B-434B-9315-153EBA1022F6}.Release|ARM.Build.0 = Release|Any CPU
		{B3539CAD-E68B-434B-9315-153EBA1022F6}.Release|x64.ActiveCfg = Release|Any CPU
		{B3539CAD-E68B-434B-9315-153EBA1022F6}.Release|x64.Build.0 = Release|Any CPU
		{B3539CAD-E68B-434B-9315-153EBA1022F6}.Release|x86.ActiveCfg = Release|Any CPU
		{B3539CAD-E68B-434B-9315-153EBA1022F6}.Release|x86.Build.0 = Release|Any CPU
		{2C31F4FE-A7F6-4E0D-9C22-3A7E493A5556}.Debug|Any CPU.ActiveCfg = Debug|Any CPU
		{2C31F4FE-A7F6-4E0D-9C22-3A7E493A5556}.Debug|Any CPU.Build.0 = Debug|Any CPU
		{2C31F4FE-A7F6-4E0D-9C22-3A7E493A5556}.Debug|ARM.ActiveCfg = Debug|Any CPU
		{2C31F4FE-A7F6-4E0D-9C22-3A7E493A5556}.Debug|ARM.Build.0 = Debug|Any CPU
		{2C31F4FE-A7F6-4E0D-9C22-3A7E493A5556}.Debug|x64.ActiveCfg = Debug|Any CPU
		{2C31F4FE-A7F6-4E0D-9C22-3A7E493A5556}.Debug|x64.Build.0 = Debug|Any CPU
		{2C31F4FE-A7F6-4E0D-9C22-3A7E493A5556}.Debug|x86.ActiveCfg = Debug|Any CPU
		{2C31F4FE-A7F6-4E0D-9C22-3A7E493A5556}.Debug|x86.Build.0 = Debug|Any CPU
		{2C31F4FE-A7F6-4E0D-9C22-3A7E493A5556}.Release|Any CPU.ActiveCfg = Release|Any CPU
		{2C31F4FE-A7F6-4E0D-9C22-3A7E493A5556}.Release|Any CPU.Build.0 = Release|Any CPU
		{2C31F4FE-A7F6-4E0D-9C22-3A7E493A5556}.Release|ARM.ActiveCfg = Release|Any CPU
		{2C31F4FE-A7F6-4E0D-9C22-3A7E493A5556}.Release|ARM.Build.0 = Release|Any CPU
		{2C31F4FE-A7F6-4E0D-9C22-3A7E493A5556}.Release|x64.ActiveCfg = Release|Any CPU
		{2C31F4FE-A7F6-4E0D-9C22-3A7E493A5556}.Release|x64.Build.0 = Release|Any CPU
		{2C31F4FE-A7F6-4E0D-9C22-3A7E493A5556}.Release|x86.ActiveCfg = Release|Any CPU
		{2C31F4FE-A7F6-4E0D-9C22-3A7E493A5556}.Release|x86.Build.0 = Release|Any CPU
		{59D119F0-1B71-4BEE-B5A2-9064215F0D3F}.Debug|Any CPU.ActiveCfg = Debug|Any CPU
		{59D119F0-1B71-4BEE-B5A2-9064215F0D3F}.Debug|Any CPU.Build.0 = Debug|Any CPU
		{59D119F0-1B71-4BEE-B5A2-9064215F0D3F}.Debug|ARM.ActiveCfg = Debug|Any CPU
		{59D119F0-1B71-4BEE-B5A2-9064215F0D3F}.Debug|ARM.Build.0 = Debug|Any CPU
		{59D119F0-1B71-4BEE-B5A2-9064215F0D3F}.Debug|x64.ActiveCfg = Debug|Any CPU
		{59D119F0-1B71-4BEE-B5A2-9064215F0D3F}.Debug|x64.Build.0 = Debug|Any CPU
		{59D119F0-1B71-4BEE-B5A2-9064215F0D3F}.Debug|x86.ActiveCfg = Debug|Any CPU
		{59D119F0-1B71-4BEE-B5A2-9064215F0D3F}.Debug|x86.Build.0 = Debug|Any CPU
		{59D119F0-1B71-4BEE-B5A2-9064215F0D3F}.Release|Any CPU.ActiveCfg = Release|Any CPU
		{59D119F0-1B71-4BEE-B5A2-9064215F0D3F}.Release|Any CPU.Build.0 = Release|Any CPU
		{59D119F0-1B71-4BEE-B5A2-9064215F0D3F}.Release|ARM.ActiveCfg = Release|Any CPU
		{59D119F0-1B71-4BEE-B5A2-9064215F0D3F}.Release|ARM.Build.0 = Release|Any CPU
		{59D119F0-1B71-4BEE-B5A2-9064215F0D3F}.Release|x64.ActiveCfg = Release|Any CPU
		{59D119F0-1B71-4BEE-B5A2-9064215F0D3F}.Release|x64.Build.0 = Release|Any CPU
		{59D119F0-1B71-4BEE-B5A2-9064215F0D3F}.Release|x86.ActiveCfg = Release|Any CPU
		{59D119F0-1B71-4BEE-B5A2-9064215F0D3F}.Release|x86.Build.0 = Release|Any CPU
		{C0350FF8-5680-41EC-8FD4-5BABC6FC34BD}.Debug|Any CPU.ActiveCfg = Debug|Any CPU
		{C0350FF8-5680-41EC-8FD4-5BABC6FC34BD}.Debug|Any CPU.Build.0 = Debug|Any CPU
		{C0350FF8-5680-41EC-8FD4-5BABC6FC34BD}.Debug|ARM.ActiveCfg = Debug|Any CPU
		{C0350FF8-5680-41EC-8FD4-5BABC6FC34BD}.Debug|ARM.Build.0 = Debug|Any CPU
		{C0350FF8-5680-41EC-8FD4-5BABC6FC34BD}.Debug|x64.ActiveCfg = Debug|Any CPU
		{C0350FF8-5680-41EC-8FD4-5BABC6FC34BD}.Debug|x64.Build.0 = Debug|Any CPU
		{C0350FF8-5680-41EC-8FD4-5BABC6FC34BD}.Debug|x86.ActiveCfg = Debug|Any CPU
		{C0350FF8-5680-41EC-8FD4-5BABC6FC34BD}.Debug|x86.Build.0 = Debug|Any CPU
		{C0350FF8-5680-41EC-8FD4-5BABC6FC34BD}.Release|Any CPU.ActiveCfg = Release|Any CPU
		{C0350FF8-5680-41EC-8FD4-5BABC6FC34BD}.Release|Any CPU.Build.0 = Release|Any CPU
		{C0350FF8-5680-41EC-8FD4-5BABC6FC34BD}.Release|ARM.ActiveCfg = Release|Any CPU
		{C0350FF8-5680-41EC-8FD4-5BABC6FC34BD}.Release|ARM.Build.0 = Release|Any CPU
		{C0350FF8-5680-41EC-8FD4-5BABC6FC34BD}.Release|x64.ActiveCfg = Release|Any CPU
		{C0350FF8-5680-41EC-8FD4-5BABC6FC34BD}.Release|x64.Build.0 = Release|Any CPU
		{C0350FF8-5680-41EC-8FD4-5BABC6FC34BD}.Release|x86.ActiveCfg = Release|Any CPU
		{C0350FF8-5680-41EC-8FD4-5BABC6FC34BD}.Release|x86.Build.0 = Release|Any CPU
		{BE62E698-7646-41C3-A036-67F3A9CB4124}.Debug|Any CPU.ActiveCfg = Debug|Any CPU
		{BE62E698-7646-41C3-A036-67F3A9CB4124}.Debug|Any CPU.Build.0 = Debug|Any CPU
		{BE62E698-7646-41C3-A036-67F3A9CB4124}.Debug|ARM.ActiveCfg = Debug|Any CPU
		{BE62E698-7646-41C3-A036-67F3A9CB4124}.Debug|ARM.Build.0 = Debug|Any CPU
		{BE62E698-7646-41C3-A036-67F3A9CB4124}.Debug|x64.ActiveCfg = Debug|Any CPU
		{BE62E698-7646-41C3-A036-67F3A9CB4124}.Debug|x64.Build.0 = Debug|Any CPU
		{BE62E698-7646-41C3-A036-67F3A9CB4124}.Debug|x86.ActiveCfg = Debug|Any CPU
		{BE62E698-7646-41C3-A036-67F3A9CB4124}.Debug|x86.Build.0 = Debug|Any CPU
		{BE62E698-7646-41C3-A036-67F3A9CB4124}.Release|Any CPU.ActiveCfg = Release|Any CPU
		{BE62E698-7646-41C3-A036-67F3A9CB4124}.Release|Any CPU.Build.0 = Release|Any CPU
		{BE62E698-7646-41C3-A036-67F3A9CB4124}.Release|ARM.ActiveCfg = Release|Any CPU
		{BE62E698-7646-41C3-A036-67F3A9CB4124}.Release|ARM.Build.0 = Release|Any CPU
		{BE62E698-7646-41C3-A036-67F3A9CB4124}.Release|x64.ActiveCfg = Release|Any CPU
		{BE62E698-7646-41C3-A036-67F3A9CB4124}.Release|x64.Build.0 = Release|Any CPU
		{BE62E698-7646-41C3-A036-67F3A9CB4124}.Release|x86.ActiveCfg = Release|Any CPU
		{BE62E698-7646-41C3-A036-67F3A9CB4124}.Release|x86.Build.0 = Release|Any CPU
		{91D1CB6B-2D09-46D2-999F-A275A119D4FF}.Debug|Any CPU.ActiveCfg = Debug|Any CPU
		{91D1CB6B-2D09-46D2-999F-A275A119D4FF}.Debug|Any CPU.Build.0 = Debug|Any CPU
		{91D1CB6B-2D09-46D2-999F-A275A119D4FF}.Debug|ARM.ActiveCfg = Debug|Any CPU
		{91D1CB6B-2D09-46D2-999F-A275A119D4FF}.Debug|ARM.Build.0 = Debug|Any CPU
		{91D1CB6B-2D09-46D2-999F-A275A119D4FF}.Debug|x64.ActiveCfg = Debug|Any CPU
		{91D1CB6B-2D09-46D2-999F-A275A119D4FF}.Debug|x64.Build.0 = Debug|Any CPU
		{91D1CB6B-2D09-46D2-999F-A275A119D4FF}.Debug|x86.ActiveCfg = Debug|Any CPU
		{91D1CB6B-2D09-46D2-999F-A275A119D4FF}.Debug|x86.Build.0 = Debug|Any CPU
		{91D1CB6B-2D09-46D2-999F-A275A119D4FF}.Release|Any CPU.ActiveCfg = Release|Any CPU
		{91D1CB6B-2D09-46D2-999F-A275A119D4FF}.Release|Any CPU.Build.0 = Release|Any CPU
		{91D1CB6B-2D09-46D2-999F-A275A119D4FF}.Release|ARM.ActiveCfg = Release|Any CPU
		{91D1CB6B-2D09-46D2-999F-A275A119D4FF}.Release|ARM.Build.0 = Release|Any CPU
		{91D1CB6B-2D09-46D2-999F-A275A119D4FF}.Release|x64.ActiveCfg = Release|Any CPU
		{91D1CB6B-2D09-46D2-999F-A275A119D4FF}.Release|x64.Build.0 = Release|Any CPU
		{91D1CB6B-2D09-46D2-999F-A275A119D4FF}.Release|x86.ActiveCfg = Release|Any CPU
		{91D1CB6B-2D09-46D2-999F-A275A119D4FF}.Release|x86.Build.0 = Release|Any CPU
		{631E0123-DFE0-42EB-9B52-22E24C7EBF91}.Debug|Any CPU.ActiveCfg = Debug|Any CPU
		{631E0123-DFE0-42EB-9B52-22E24C7EBF91}.Debug|Any CPU.Build.0 = Debug|Any CPU
		{631E0123-DFE0-42EB-9B52-22E24C7EBF91}.Debug|ARM.ActiveCfg = Debug|Any CPU
		{631E0123-DFE0-42EB-9B52-22E24C7EBF91}.Debug|ARM.Build.0 = Debug|Any CPU
		{631E0123-DFE0-42EB-9B52-22E24C7EBF91}.Debug|x64.ActiveCfg = Debug|Any CPU
		{631E0123-DFE0-42EB-9B52-22E24C7EBF91}.Debug|x64.Build.0 = Debug|Any CPU
		{631E0123-DFE0-42EB-9B52-22E24C7EBF91}.Debug|x86.ActiveCfg = Debug|Any CPU
		{631E0123-DFE0-42EB-9B52-22E24C7EBF91}.Debug|x86.Build.0 = Debug|Any CPU
		{631E0123-DFE0-42EB-9B52-22E24C7EBF91}.Release|Any CPU.ActiveCfg = Release|Any CPU
		{631E0123-DFE0-42EB-9B52-22E24C7EBF91}.Release|Any CPU.Build.0 = Release|Any CPU
		{631E0123-DFE0-42EB-9B52-22E24C7EBF91}.Release|ARM.ActiveCfg = Release|Any CPU
		{631E0123-DFE0-42EB-9B52-22E24C7EBF91}.Release|ARM.Build.0 = Release|Any CPU
		{631E0123-DFE0-42EB-9B52-22E24C7EBF91}.Release|x64.ActiveCfg = Release|Any CPU
		{631E0123-DFE0-42EB-9B52-22E24C7EBF91}.Release|x64.Build.0 = Release|Any CPU
		{631E0123-DFE0-42EB-9B52-22E24C7EBF91}.Release|x86.ActiveCfg = Release|Any CPU
		{631E0123-DFE0-42EB-9B52-22E24C7EBF91}.Release|x86.Build.0 = Release|Any CPU
		{84FD35D6-7496-405F-80CB-D3914B0256B0}.Debug|Any CPU.ActiveCfg = Debug|Any CPU
		{84FD35D6-7496-405F-80CB-D3914B0256B0}.Debug|Any CPU.Build.0 = Debug|Any CPU
		{84FD35D6-7496-405F-80CB-D3914B0256B0}.Debug|ARM.ActiveCfg = Debug|Any CPU
		{84FD35D6-7496-405F-80CB-D3914B0256B0}.Debug|ARM.Build.0 = Debug|Any CPU
		{84FD35D6-7496-405F-80CB-D3914B0256B0}.Debug|x64.ActiveCfg = Debug|Any CPU
		{84FD35D6-7496-405F-80CB-D3914B0256B0}.Debug|x64.Build.0 = Debug|Any CPU
		{84FD35D6-7496-405F-80CB-D3914B0256B0}.Debug|x86.ActiveCfg = Debug|Any CPU
		{84FD35D6-7496-405F-80CB-D3914B0256B0}.Debug|x86.Build.0 = Debug|Any CPU
		{84FD35D6-7496-405F-80CB-D3914B0256B0}.Release|Any CPU.ActiveCfg = Release|Any CPU
		{84FD35D6-7496-405F-80CB-D3914B0256B0}.Release|Any CPU.Build.0 = Release|Any CPU
		{84FD35D6-7496-405F-80CB-D3914B0256B0}.Release|ARM.ActiveCfg = Release|Any CPU
		{84FD35D6-7496-405F-80CB-D3914B0256B0}.Release|ARM.Build.0 = Release|Any CPU
		{84FD35D6-7496-405F-80CB-D3914B0256B0}.Release|x64.ActiveCfg = Release|Any CPU
		{84FD35D6-7496-405F-80CB-D3914B0256B0}.Release|x64.Build.0 = Release|Any CPU
		{84FD35D6-7496-405F-80CB-D3914B0256B0}.Release|x86.ActiveCfg = Release|Any CPU
		{84FD35D6-7496-405F-80CB-D3914B0256B0}.Release|x86.Build.0 = Release|Any CPU
		{3CA7CA5F-7BEA-4A80-A784-9EC889BE10D7}.Debug|Any CPU.ActiveCfg = Debug|Any CPU
		{3CA7CA5F-7BEA-4A80-A784-9EC889BE10D7}.Debug|Any CPU.Build.0 = Debug|Any CPU
		{3CA7CA5F-7BEA-4A80-A784-9EC889BE10D7}.Debug|ARM.ActiveCfg = Debug|Any CPU
		{3CA7CA5F-7BEA-4A80-A784-9EC889BE10D7}.Debug|ARM.Build.0 = Debug|Any CPU
		{3CA7CA5F-7BEA-4A80-A784-9EC889BE10D7}.Debug|x64.ActiveCfg = Debug|Any CPU
		{3CA7CA5F-7BEA-4A80-A784-9EC889BE10D7}.Debug|x64.Build.0 = Debug|Any CPU
		{3CA7CA5F-7BEA-4A80-A784-9EC889BE10D7}.Debug|x86.ActiveCfg = Debug|Any CPU
		{3CA7CA5F-7BEA-4A80-A784-9EC889BE10D7}.Debug|x86.Build.0 = Debug|Any CPU
		{3CA7CA5F-7BEA-4A80-A784-9EC889BE10D7}.Release|Any CPU.ActiveCfg = Release|Any CPU
		{3CA7CA5F-7BEA-4A80-A784-9EC889BE10D7}.Release|Any CPU.Build.0 = Release|Any CPU
		{3CA7CA5F-7BEA-4A80-A784-9EC889BE10D7}.Release|ARM.ActiveCfg = Release|Any CPU
		{3CA7CA5F-7BEA-4A80-A784-9EC889BE10D7}.Release|ARM.Build.0 = Release|Any CPU
		{3CA7CA5F-7BEA-4A80-A784-9EC889BE10D7}.Release|x64.ActiveCfg = Release|Any CPU
		{3CA7CA5F-7BEA-4A80-A784-9EC889BE10D7}.Release|x64.Build.0 = Release|Any CPU
		{3CA7CA5F-7BEA-4A80-A784-9EC889BE10D7}.Release|x86.ActiveCfg = Release|Any CPU
		{3CA7CA5F-7BEA-4A80-A784-9EC889BE10D7}.Release|x86.Build.0 = Release|Any CPU
		{8AD6083C-054B-4D64-BF03-E276A81D3412}.Debug|Any CPU.ActiveCfg = Debug|Any CPU
		{8AD6083C-054B-4D64-BF03-E276A81D3412}.Debug|Any CPU.Build.0 = Debug|Any CPU
		{8AD6083C-054B-4D64-BF03-E276A81D3412}.Debug|ARM.ActiveCfg = Debug|Any CPU
		{8AD6083C-054B-4D64-BF03-E276A81D3412}.Debug|ARM.Build.0 = Debug|Any CPU
		{8AD6083C-054B-4D64-BF03-E276A81D3412}.Debug|x64.ActiveCfg = Debug|Any CPU
		{8AD6083C-054B-4D64-BF03-E276A81D3412}.Debug|x64.Build.0 = Debug|Any CPU
		{8AD6083C-054B-4D64-BF03-E276A81D3412}.Debug|x86.ActiveCfg = Debug|Any CPU
		{8AD6083C-054B-4D64-BF03-E276A81D3412}.Debug|x86.Build.0 = Debug|Any CPU
		{8AD6083C-054B-4D64-BF03-E276A81D3412}.Release|Any CPU.ActiveCfg = Release|Any CPU
		{8AD6083C-054B-4D64-BF03-E276A81D3412}.Release|Any CPU.Build.0 = Release|Any CPU
		{8AD6083C-054B-4D64-BF03-E276A81D3412}.Release|ARM.ActiveCfg = Release|Any CPU
		{8AD6083C-054B-4D64-BF03-E276A81D3412}.Release|ARM.Build.0 = Release|Any CPU
		{8AD6083C-054B-4D64-BF03-E276A81D3412}.Release|x64.ActiveCfg = Release|Any CPU
		{8AD6083C-054B-4D64-BF03-E276A81D3412}.Release|x64.Build.0 = Release|Any CPU
		{8AD6083C-054B-4D64-BF03-E276A81D3412}.Release|x86.ActiveCfg = Release|Any CPU
		{8AD6083C-054B-4D64-BF03-E276A81D3412}.Release|x86.Build.0 = Release|Any CPU
		{62E41202-991E-47FD-86BB-FE0FCE7E8323}.Debug|Any CPU.ActiveCfg = Debug|Any CPU
		{62E41202-991E-47FD-86BB-FE0FCE7E8323}.Debug|Any CPU.Build.0 = Debug|Any CPU
		{62E41202-991E-47FD-86BB-FE0FCE7E8323}.Debug|ARM.ActiveCfg = Debug|Any CPU
		{62E41202-991E-47FD-86BB-FE0FCE7E8323}.Debug|ARM.Build.0 = Debug|Any CPU
		{62E41202-991E-47FD-86BB-FE0FCE7E8323}.Debug|x64.ActiveCfg = Debug|Any CPU
		{62E41202-991E-47FD-86BB-FE0FCE7E8323}.Debug|x64.Build.0 = Debug|Any CPU
		{62E41202-991E-47FD-86BB-FE0FCE7E8323}.Debug|x86.ActiveCfg = Debug|Any CPU
		{62E41202-991E-47FD-86BB-FE0FCE7E8323}.Debug|x86.Build.0 = Debug|Any CPU
		{62E41202-991E-47FD-86BB-FE0FCE7E8323}.Release|Any CPU.ActiveCfg = Release|Any CPU
		{62E41202-991E-47FD-86BB-FE0FCE7E8323}.Release|Any CPU.Build.0 = Release|Any CPU
		{62E41202-991E-47FD-86BB-FE0FCE7E8323}.Release|ARM.ActiveCfg = Release|Any CPU
		{62E41202-991E-47FD-86BB-FE0FCE7E8323}.Release|ARM.Build.0 = Release|Any CPU
		{62E41202-991E-47FD-86BB-FE0FCE7E8323}.Release|x64.ActiveCfg = Release|Any CPU
		{62E41202-991E-47FD-86BB-FE0FCE7E8323}.Release|x64.Build.0 = Release|Any CPU
		{62E41202-991E-47FD-86BB-FE0FCE7E8323}.Release|x86.ActiveCfg = Release|Any CPU
		{62E41202-991E-47FD-86BB-FE0FCE7E8323}.Release|x86.Build.0 = Release|Any CPU
		{31BCFEBC-47B0-4D7A-B0DC-343A034962F3}.Debug|Any CPU.ActiveCfg = Debug|Any CPU
		{31BCFEBC-47B0-4D7A-B0DC-343A034962F3}.Debug|Any CPU.Build.0 = Debug|Any CPU
		{31BCFEBC-47B0-4D7A-B0DC-343A034962F3}.Debug|ARM.ActiveCfg = Debug|Any CPU
		{31BCFEBC-47B0-4D7A-B0DC-343A034962F3}.Debug|ARM.Build.0 = Debug|Any CPU
		{31BCFEBC-47B0-4D7A-B0DC-343A034962F3}.Debug|x64.ActiveCfg = Debug|Any CPU
		{31BCFEBC-47B0-4D7A-B0DC-343A034962F3}.Debug|x64.Build.0 = Debug|Any CPU
		{31BCFEBC-47B0-4D7A-B0DC-343A034962F3}.Debug|x86.ActiveCfg = Debug|Any CPU
		{31BCFEBC-47B0-4D7A-B0DC-343A034962F3}.Debug|x86.Build.0 = Debug|Any CPU
		{31BCFEBC-47B0-4D7A-B0DC-343A034962F3}.Release|Any CPU.ActiveCfg = Release|Any CPU
		{31BCFEBC-47B0-4D7A-B0DC-343A034962F3}.Release|Any CPU.Build.0 = Release|Any CPU
		{31BCFEBC-47B0-4D7A-B0DC-343A034962F3}.Release|ARM.ActiveCfg = Release|Any CPU
		{31BCFEBC-47B0-4D7A-B0DC-343A034962F3}.Release|ARM.Build.0 = Release|Any CPU
		{31BCFEBC-47B0-4D7A-B0DC-343A034962F3}.Release|x64.ActiveCfg = Release|Any CPU
		{31BCFEBC-47B0-4D7A-B0DC-343A034962F3}.Release|x64.Build.0 = Release|Any CPU
		{31BCFEBC-47B0-4D7A-B0DC-343A034962F3}.Release|x86.ActiveCfg = Release|Any CPU
		{31BCFEBC-47B0-4D7A-B0DC-343A034962F3}.Release|x86.Build.0 = Release|Any CPU
		{5F64E00B-71FC-439F-A9AB-C06F28017A1D}.Debug|Any CPU.ActiveCfg = Debug|Any CPU
		{5F64E00B-71FC-439F-A9AB-C06F28017A1D}.Debug|Any CPU.Build.0 = Debug|Any CPU
		{5F64E00B-71FC-439F-A9AB-C06F28017A1D}.Debug|ARM.ActiveCfg = Debug|Any CPU
		{5F64E00B-71FC-439F-A9AB-C06F28017A1D}.Debug|ARM.Build.0 = Debug|Any CPU
		{5F64E00B-71FC-439F-A9AB-C06F28017A1D}.Debug|x64.ActiveCfg = Debug|Any CPU
		{5F64E00B-71FC-439F-A9AB-C06F28017A1D}.Debug|x64.Build.0 = Debug|Any CPU
		{5F64E00B-71FC-439F-A9AB-C06F28017A1D}.Debug|x86.ActiveCfg = Debug|Any CPU
		{5F64E00B-71FC-439F-A9AB-C06F28017A1D}.Debug|x86.Build.0 = Debug|Any CPU
		{5F64E00B-71FC-439F-A9AB-C06F28017A1D}.Release|Any CPU.ActiveCfg = Release|Any CPU
		{5F64E00B-71FC-439F-A9AB-C06F28017A1D}.Release|Any CPU.Build.0 = Release|Any CPU
		{5F64E00B-71FC-439F-A9AB-C06F28017A1D}.Release|ARM.ActiveCfg = Release|Any CPU
		{5F64E00B-71FC-439F-A9AB-C06F28017A1D}.Release|ARM.Build.0 = Release|Any CPU
		{5F64E00B-71FC-439F-A9AB-C06F28017A1D}.Release|x64.ActiveCfg = Release|Any CPU
		{5F64E00B-71FC-439F-A9AB-C06F28017A1D}.Release|x64.Build.0 = Release|Any CPU
		{5F64E00B-71FC-439F-A9AB-C06F28017A1D}.Release|x86.ActiveCfg = Release|Any CPU
		{5F64E00B-71FC-439F-A9AB-C06F28017A1D}.Release|x86.Build.0 = Release|Any CPU
		{AD2ED4B8-8C3E-4D9D-95CD-56E1896659A7}.Debug|Any CPU.ActiveCfg = Debug|Any CPU
		{AD2ED4B8-8C3E-4D9D-95CD-56E1896659A7}.Debug|Any CPU.Build.0 = Debug|Any CPU
		{AD2ED4B8-8C3E-4D9D-95CD-56E1896659A7}.Debug|ARM.ActiveCfg = Debug|Any CPU
		{AD2ED4B8-8C3E-4D9D-95CD-56E1896659A7}.Debug|ARM.Build.0 = Debug|Any CPU
		{AD2ED4B8-8C3E-4D9D-95CD-56E1896659A7}.Debug|x64.ActiveCfg = Debug|Any CPU
		{AD2ED4B8-8C3E-4D9D-95CD-56E1896659A7}.Debug|x64.Build.0 = Debug|Any CPU
		{AD2ED4B8-8C3E-4D9D-95CD-56E1896659A7}.Debug|x86.ActiveCfg = Debug|Any CPU
		{AD2ED4B8-8C3E-4D9D-95CD-56E1896659A7}.Debug|x86.Build.0 = Debug|Any CPU
		{AD2ED4B8-8C3E-4D9D-95CD-56E1896659A7}.Release|Any CPU.ActiveCfg = Release|Any CPU
		{AD2ED4B8-8C3E-4D9D-95CD-56E1896659A7}.Release|Any CPU.Build.0 = Release|Any CPU
		{AD2ED4B8-8C3E-4D9D-95CD-56E1896659A7}.Release|ARM.ActiveCfg = Release|Any CPU
		{AD2ED4B8-8C3E-4D9D-95CD-56E1896659A7}.Release|ARM.Build.0 = Release|Any CPU
		{AD2ED4B8-8C3E-4D9D-95CD-56E1896659A7}.Release|x64.ActiveCfg = Release|Any CPU
		{AD2ED4B8-8C3E-4D9D-95CD-56E1896659A7}.Release|x64.Build.0 = Release|Any CPU
		{AD2ED4B8-8C3E-4D9D-95CD-56E1896659A7}.Release|x86.ActiveCfg = Release|Any CPU
		{AD2ED4B8-8C3E-4D9D-95CD-56E1896659A7}.Release|x86.Build.0 = Release|Any CPU
		{399B4278-8DD8-4892-B1D1-7506331FC4EE}.Debug|Any CPU.ActiveCfg = Debug|Any CPU
		{399B4278-8DD8-4892-B1D1-7506331FC4EE}.Debug|Any CPU.Build.0 = Debug|Any CPU
		{399B4278-8DD8-4892-B1D1-7506331FC4EE}.Debug|ARM.ActiveCfg = Debug|Any CPU
		{399B4278-8DD8-4892-B1D1-7506331FC4EE}.Debug|ARM.Build.0 = Debug|Any CPU
		{399B4278-8DD8-4892-B1D1-7506331FC4EE}.Debug|x64.ActiveCfg = Debug|Any CPU
		{399B4278-8DD8-4892-B1D1-7506331FC4EE}.Debug|x64.Build.0 = Debug|Any CPU
		{399B4278-8DD8-4892-B1D1-7506331FC4EE}.Debug|x86.ActiveCfg = Debug|Any CPU
		{399B4278-8DD8-4892-B1D1-7506331FC4EE}.Debug|x86.Build.0 = Debug|Any CPU
		{399B4278-8DD8-4892-B1D1-7506331FC4EE}.Release|Any CPU.ActiveCfg = Release|Any CPU
		{399B4278-8DD8-4892-B1D1-7506331FC4EE}.Release|Any CPU.Build.0 = Release|Any CPU
		{399B4278-8DD8-4892-B1D1-7506331FC4EE}.Release|ARM.ActiveCfg = Release|Any CPU
		{399B4278-8DD8-4892-B1D1-7506331FC4EE}.Release|ARM.Build.0 = Release|Any CPU
		{399B4278-8DD8-4892-B1D1-7506331FC4EE}.Release|x64.ActiveCfg = Release|Any CPU
		{399B4278-8DD8-4892-B1D1-7506331FC4EE}.Release|x64.Build.0 = Release|Any CPU
		{399B4278-8DD8-4892-B1D1-7506331FC4EE}.Release|x86.ActiveCfg = Release|Any CPU
		{399B4278-8DD8-4892-B1D1-7506331FC4EE}.Release|x86.Build.0 = Release|Any CPU
		{AFF62048-65BF-4BBB-97F1-E72369E83637}.Debug|Any CPU.ActiveCfg = Debug|Any CPU
		{AFF62048-65BF-4BBB-97F1-E72369E83637}.Debug|Any CPU.Build.0 = Debug|Any CPU
		{AFF62048-65BF-4BBB-97F1-E72369E83637}.Debug|ARM.ActiveCfg = Debug|Any CPU
		{AFF62048-65BF-4BBB-97F1-E72369E83637}.Debug|ARM.Build.0 = Debug|Any CPU
		{AFF62048-65BF-4BBB-97F1-E72369E83637}.Debug|x64.ActiveCfg = Debug|Any CPU
		{AFF62048-65BF-4BBB-97F1-E72369E83637}.Debug|x64.Build.0 = Debug|Any CPU
		{AFF62048-65BF-4BBB-97F1-E72369E83637}.Debug|x86.ActiveCfg = Debug|Any CPU
		{AFF62048-65BF-4BBB-97F1-E72369E83637}.Debug|x86.Build.0 = Debug|Any CPU
		{AFF62048-65BF-4BBB-97F1-E72369E83637}.Release|Any CPU.ActiveCfg = Release|Any CPU
		{AFF62048-65BF-4BBB-97F1-E72369E83637}.Release|Any CPU.Build.0 = Release|Any CPU
		{AFF62048-65BF-4BBB-97F1-E72369E83637}.Release|ARM.ActiveCfg = Release|Any CPU
		{AFF62048-65BF-4BBB-97F1-E72369E83637}.Release|ARM.Build.0 = Release|Any CPU
		{AFF62048-65BF-4BBB-97F1-E72369E83637}.Release|x64.ActiveCfg = Release|Any CPU
		{AFF62048-65BF-4BBB-97F1-E72369E83637}.Release|x64.Build.0 = Release|Any CPU
		{AFF62048-65BF-4BBB-97F1-E72369E83637}.Release|x86.ActiveCfg = Release|Any CPU
		{AFF62048-65BF-4BBB-97F1-E72369E83637}.Release|x86.Build.0 = Release|Any CPU
	EndGlobalSection
	GlobalSection(SolutionProperties) = preSolution
		HideSolutionNode = FALSE
	EndGlobalSection
	GlobalSection(NestedProjects) = preSolution
		{C7F8D1B5-1F5B-43ED-9F8E-24A80B502C63} = {A4686CE3-29EA-4BB0-BA45-9882BC3F675C}
		{AEC65BC1-D66D-4C5E-8E93-3A35C77FA3EB} = {A4686CE3-29EA-4BB0-BA45-9882BC3F675C}
		{73AF5532-128E-4658-A222-55E7D6CCB693} = {A4686CE3-29EA-4BB0-BA45-9882BC3F675C}
		{A1CE31BC-5326-41FD-96D8-6481A011301B} = {70BEEE77-3E24-446C-97EC-27D6C5DA90C2}
		{70132CC2-D91B-4BE7-95F0-F0B2FE832BC8} = {A4686CE3-29EA-4BB0-BA45-9882BC3F675C}
		{B1B4C2A6-D5AC-47ED-B0B8-9EBB3CC859EC} = {1F529042-94A6-4F5A-BEAE-BBEFDC62B3AB}
		{B08E1C97-2C5B-49F6-B1A2-1067F8C87997} = {73AF5532-128E-4658-A222-55E7D6CCB693}
		{8F1E1F7C-84C7-4AF1-AF6E-4203C1A56747} = {A4686CE3-29EA-4BB0-BA45-9882BC3F675C}
		{1F529042-94A6-4F5A-BEAE-BBEFDC62B3AB} = {A4686CE3-29EA-4BB0-BA45-9882BC3F675C}
		{EDB89ECD-9F33-4E30-9AD0-EE7028833026} = {A4686CE3-29EA-4BB0-BA45-9882BC3F675C}
		{20BD88D0-7DEA-482F-9E9A-BC195BF8AFA1} = {70BEEE77-3E24-446C-97EC-27D6C5DA90C2}
		{B3539CAD-E68B-434B-9315-153EBA1022F6} = {EDB89ECD-9F33-4E30-9AD0-EE7028833026}
		{2C31F4FE-A7F6-4E0D-9C22-3A7E493A5556} = {AEC65BC1-D66D-4C5E-8E93-3A35C77FA3EB}
		{59D119F0-1B71-4BEE-B5A2-9064215F0D3F} = {8F1E1F7C-84C7-4AF1-AF6E-4203C1A56747}
		{C0350FF8-5680-41EC-8FD4-5BABC6FC34BD} = {1F529042-94A6-4F5A-BEAE-BBEFDC62B3AB}
		{BE62E698-7646-41C3-A036-67F3A9CB4124} = {70132CC2-D91B-4BE7-95F0-F0B2FE832BC8}
		{91D1CB6B-2D09-46D2-999F-A275A119D4FF} = {70132CC2-D91B-4BE7-95F0-F0B2FE832BC8}
		{631E0123-DFE0-42EB-9B52-22E24C7EBF91} = {EDB89ECD-9F33-4E30-9AD0-EE7028833026}
		{84FD35D6-7496-405F-80CB-D3914B0256B0} = {C7F8D1B5-1F5B-43ED-9F8E-24A80B502C63}
		{3CA7CA5F-7BEA-4A80-A784-9EC889BE10D7} = {C7F8D1B5-1F5B-43ED-9F8E-24A80B502C63}
		{8AD6083C-054B-4D64-BF03-E276A81D3412} = {73AF5532-128E-4658-A222-55E7D6CCB693}
		{62E41202-991E-47FD-86BB-FE0FCE7E8323} = {73AF5532-128E-4658-A222-55E7D6CCB693}
		{31BCFEBC-47B0-4D7A-B0DC-343A034962F3} = {70BEEE77-3E24-446C-97EC-27D6C5DA90C2}
		{5F64E00B-71FC-439F-A9AB-C06F28017A1D} = {70BEEE77-3E24-446C-97EC-27D6C5DA90C2}
		{AD2ED4B8-8C3E-4D9D-95CD-56E1896659A7} = {70BEEE77-3E24-446C-97EC-27D6C5DA90C2}
		{399B4278-8DD8-4892-B1D1-7506331FC4EE} = {70BEEE77-3E24-446C-97EC-27D6C5DA90C2}
		{A69CB071-86D7-4D2D-8D7D-6F03912AD8E0} = {A4686CE3-29EA-4BB0-BA45-9882BC3F675C}
		{AFF62048-65BF-4BBB-97F1-E72369E83637} = {A69CB071-86D7-4D2D-8D7D-6F03912AD8E0}
	EndGlobalSection
	GlobalSection(ExtensibilityGlobals) = postSolution
		SolutionGuid = {EBDF03CC-C1B9-4613-BA06-AC9D5A65618A}
	EndGlobalSection
EndGlobal
